// !$*UTF8*$!
{
	archiveVersion = 1;
	classes = {
	};
	objectVersion = 46;
	objects = {

/* Begin PBXBuildFile section */
		315EC6B31A8B3F96003D466D /* main.m in Sources */ = {isa = PBXBuildFile; fileRef = 315EC6B21A8B3F96003D466D /* main.m */; };
		315EC6B61A8B3F96003D466D /* AppDelegate.m in Sources */ = {isa = PBXBuildFile; fileRef = 315EC6B51A8B3F96003D466D /* AppDelegate.m */; };
		315EC6B91A8B3F96003D466D /* Gifted_Kids_Parent.xcdatamodeld in Sources */ = {isa = PBXBuildFile; fileRef = 315EC6B71A8B3F96003D466D /* Gifted_Kids_Parent.xcdatamodeld */; };
		315EC6BF1A8B3F96003D466D /* Main.storyboard in Resources */ = {isa = PBXBuildFile; fileRef = 315EC6BD1A8B3F96003D466D /* Main.storyboard */; };
		315EC6C11A8B3F96003D466D /* Images.xcassets in Resources */ = {isa = PBXBuildFile; fileRef = 315EC6C01A8B3F96003D466D /* Images.xcassets */; };
		315EC6C41A8B3F96003D466D /* LaunchScreen.xib in Resources */ = {isa = PBXBuildFile; fileRef = 315EC6C21A8B3F96003D466D /* LaunchScreen.xib */; };
		315EC6D01A8B3F96003D466D /* Gifted_Kids_ParentTests.m in Sources */ = {isa = PBXBuildFile; fileRef = 315EC6CF1A8B3F96003D466D /* Gifted_Kids_ParentTests.m */; };
		315EC6EF1A8B3FCB003D466D /* Achievement_55588.png in Resources */ = {isa = PBXBuildFile; fileRef = 315EC6DA1A8B3FCB003D466D /* Achievement_55588.png */; };
		315EC6F01A8B3FCB003D466D /* Alarm_11222.png in Resources */ = {isa = PBXBuildFile; fileRef = 315EC6DB1A8B3FCB003D466D /* Alarm_11222.png */; };
		315EC6F11A8B3FCB003D466D /* Alarm_small_11222.png in Resources */ = {isa = PBXBuildFile; fileRef = 315EC6DC1A8B3FCB003D466D /* Alarm_small_11222.png */; };
		315EC6F21A8B3FCB003D466D /* Award_50955.png in Resources */ = {isa = PBXBuildFile; fileRef = 315EC6DD1A8B3FCB003D466D /* Award_50955.png */; };
		315EC6F31A8B3FCB003D466D /* Banner_38446.png in Resources */ = {isa = PBXBuildFile; fileRef = 315EC6DE1A8B3FCB003D466D /* Banner_38446.png */; };
		315EC6F41A8B3FCB003D466D /* Close_40378.png in Resources */ = {isa = PBXBuildFile; fileRef = 315EC6DF1A8B3FCB003D466D /* Close_40378.png */; };
		315EC6F51A8B3FCB003D466D /* Coin_99355.png in Resources */ = {isa = PBXBuildFile; fileRef = 315EC6E01A8B3FCB003D466D /* Coin_99355.png */; };
		315EC6F61A8B3FCB003D466D /* Coin_small_99355.png in Resources */ = {isa = PBXBuildFile; fileRef = 315EC6E11A8B3FCB003D466D /* Coin_small_99355.png */; };
		315EC6F71A8B3FCB003D466D /* Contract_59244.png in Resources */ = {isa = PBXBuildFile; fileRef = 315EC6E21A8B3FCB003D466D /* Contract_59244.png */; };
		315EC6F81A8B3FCB003D466D /* Home_56766.png in Resources */ = {isa = PBXBuildFile; fileRef = 315EC6E31A8B3FCB003D466D /* Home_56766.png */; };
		315EC6F91A8B3FCB003D466D /* List_11796.png in Resources */ = {isa = PBXBuildFile; fileRef = 315EC6E41A8B3FCB003D466D /* List_11796.png */; };
		315EC6FA1A8B3FCB003D466D /* Report_20789.png in Resources */ = {isa = PBXBuildFile; fileRef = 315EC6E51A8B3FCB003D466D /* Report_20789.png */; };
		315EC6FB1A8B3FCB003D466D /* Sentence_59929.png in Resources */ = {isa = PBXBuildFile; fileRef = 315EC6E61A8B3FCB003D466D /* Sentence_59929.png */; };
		315EC6FC1A8B3FCB003D466D /* Sentence_small_59929.png in Resources */ = {isa = PBXBuildFile; fileRef = 315EC6E71A8B3FCB003D466D /* Sentence_small_59929.png */; };
		315EC6FD1A8B3FCB003D466D /* Setting_45236.png in Resources */ = {isa = PBXBuildFile; fileRef = 315EC6E81A8B3FCB003D466D /* Setting_45236.png */; };
		315EC6FE1A8B3FCB003D466D /* Thumb_Up_76060.png in Resources */ = {isa = PBXBuildFile; fileRef = 315EC6E91A8B3FCB003D466D /* Thumb_Up_76060.png */; };
		315EC6FF1A8B3FCB003D466D /* Thumb_Up_76060_1.png in Resources */ = {isa = PBXBuildFile; fileRef = 315EC6EA1A8B3FCB003D466D /* Thumb_Up_76060_1.png */; };
		315EC7001A8B3FCB003D466D /* Two lines 2.png in Resources */ = {isa = PBXBuildFile; fileRef = 315EC6EB1A8B3FCB003D466D /* Two lines 2.png */; };
		315EC7011A8B3FCB003D466D /* User_7078.png in Resources */ = {isa = PBXBuildFile; fileRef = 315EC6EC1A8B3FCB003D466D /* User_7078.png */; };
		315EC7021A8B3FCB003D466D /* Word_62928.png in Resources */ = {isa = PBXBuildFile; fileRef = 315EC6ED1A8B3FCB003D466D /* Word_62928.png */; };
		315EC7031A8B3FCB003D466D /* Word_small_62928.png in Resources */ = {isa = PBXBuildFile; fileRef = 315EC6EE1A8B3FCB003D466D /* Word_small_62928.png */; };
		315EC7061A8B4091003D466D /* HomeViewController.m in Sources */ = {isa = PBXBuildFile; fileRef = 315EC7051A8B4091003D466D /* HomeViewController.m */; };
		319BF1CC1A8DC415007BAF77 /* NewsFeedCell.m in Sources */ = {isa = PBXBuildFile; fileRef = 319BF1CB1A8DC415007BAF77 /* NewsFeedCell.m */; };
/* End PBXBuildFile section */

/* Begin PBXContainerItemProxy section */
		315EC6CA1A8B3F96003D466D /* PBXContainerItemProxy */ = {
			isa = PBXContainerItemProxy;
			containerPortal = 315EC6A51A8B3F95003D466D /* Project object */;
			proxyType = 1;
			remoteGlobalIDString = 315EC6AC1A8B3F95003D466D;
			remoteInfo = "Gifted Kids Parent";
		};
/* End PBXContainerItemProxy section */

/* Begin PBXFileReference section */
		315EC6AD1A8B3F95003D466D /* Gifted Kids Parent.app */ = {isa = PBXFileReference; explicitFileType = wrapper.application; includeInIndex = 0; path = "Gifted Kids Parent.app"; sourceTree = BUILT_PRODUCTS_DIR; };
		315EC6B11A8B3F96003D466D /* Info.plist */ = {isa = PBXFileReference; lastKnownFileType = text.plist.xml; path = Info.plist; sourceTree = "<group>"; };
		315EC6B21A8B3F96003D466D /* main.m */ = {isa = PBXFileReference; lastKnownFileType = sourcecode.c.objc; path = main.m; sourceTree = "<group>"; };
		315EC6B41A8B3F96003D466D /* AppDelegate.h */ = {isa = PBXFileReference; lastKnownFileType = sourcecode.c.h; path = AppDelegate.h; sourceTree = "<group>"; };
		315EC6B51A8B3F96003D466D /* AppDelegate.m */ = {isa = PBXFileReference; lastKnownFileType = sourcecode.c.objc; path = AppDelegate.m; sourceTree = "<group>"; };
		315EC6B81A8B3F96003D466D /* Gifted_Kids_Parent.xcdatamodel */ = {isa = PBXFileReference; lastKnownFileType = wrapper.xcdatamodel; path = Gifted_Kids_Parent.xcdatamodel; sourceTree = "<group>"; };
		315EC6BE1A8B3F96003D466D /* Base */ = {isa = PBXFileReference; lastKnownFileType = file.storyboard; name = Base; path = Base.lproj/Main.storyboard; sourceTree = "<group>"; };
		315EC6C01A8B3F96003D466D /* Images.xcassets */ = {isa = PBXFileReference; lastKnownFileType = folder.assetcatalog; path = Images.xcassets; sourceTree = "<group>"; };
		315EC6C31A8B3F96003D466D /* Base */ = {isa = PBXFileReference; lastKnownFileType = file.xib; name = Base; path = Base.lproj/LaunchScreen.xib; sourceTree = "<group>"; };
		315EC6C91A8B3F96003D466D /* Gifted Kids ParentTests.xctest */ = {isa = PBXFileReference; explicitFileType = wrapper.cfbundle; includeInIndex = 0; path = "Gifted Kids ParentTests.xctest"; sourceTree = BUILT_PRODUCTS_DIR; };
		315EC6CE1A8B3F96003D466D /* Info.plist */ = {isa = PBXFileReference; lastKnownFileType = text.plist.xml; path = Info.plist; sourceTree = "<group>"; };
		315EC6CF1A8B3F96003D466D /* Gifted_Kids_ParentTests.m */ = {isa = PBXFileReference; lastKnownFileType = sourcecode.c.objc; path = Gifted_Kids_ParentTests.m; sourceTree = "<group>"; };
		315EC6DA1A8B3FCB003D466D /* Achievement_55588.png */ = {isa = PBXFileReference; lastKnownFileType = image.png; path = Achievement_55588.png; sourceTree = "<group>"; };
		315EC6DB1A8B3FCB003D466D /* Alarm_11222.png */ = {isa = PBXFileReference; lastKnownFileType = image.png; path = Alarm_11222.png; sourceTree = "<group>"; };
		315EC6DC1A8B3FCB003D466D /* Alarm_small_11222.png */ = {isa = PBXFileReference; lastKnownFileType = image.png; path = Alarm_small_11222.png; sourceTree = "<group>"; };
		315EC6DD1A8B3FCB003D466D /* Award_50955.png */ = {isa = PBXFileReference; lastKnownFileType = image.png; path = Award_50955.png; sourceTree = "<group>"; };
		315EC6DE1A8B3FCB003D466D /* Banner_38446.png */ = {isa = PBXFileReference; lastKnownFileType = image.png; path = Banner_38446.png; sourceTree = "<group>"; };
		315EC6DF1A8B3FCB003D466D /* Close_40378.png */ = {isa = PBXFileReference; lastKnownFileType = image.png; path = Close_40378.png; sourceTree = "<group>"; };
		315EC6E01A8B3FCB003D466D /* Coin_99355.png */ = {isa = PBXFileReference; lastKnownFileType = image.png; path = Coin_99355.png; sourceTree = "<group>"; };
		315EC6E11A8B3FCB003D466D /* Coin_small_99355.png */ = {isa = PBXFileReference; lastKnownFileType = image.png; path = Coin_small_99355.png; sourceTree = "<group>"; };
		315EC6E21A8B3FCB003D466D /* Contract_59244.png */ = {isa = PBXFileReference; lastKnownFileType = image.png; path = Contract_59244.png; sourceTree = "<group>"; };
		315EC6E31A8B3FCB003D466D /* Home_56766.png */ = {isa = PBXFileReference; lastKnownFileType = image.png; path = Home_56766.png; sourceTree = "<group>"; };
		315EC6E41A8B3FCB003D466D /* List_11796.png */ = {isa = PBXFileReference; lastKnownFileType = image.png; path = List_11796.png; sourceTree = "<group>"; };
		315EC6E51A8B3FCB003D466D /* Report_20789.png */ = {isa = PBXFileReference; lastKnownFileType = image.png; path = Report_20789.png; sourceTree = "<group>"; };
		315EC6E61A8B3FCB003D466D /* Sentence_59929.png */ = {isa = PBXFileReference; lastKnownFileType = image.png; path = Sentence_59929.png; sourceTree = "<group>"; };
		315EC6E71A8B3FCB003D466D /* Sentence_small_59929.png */ = {isa = PBXFileReference; lastKnownFileType = image.png; path = Sentence_small_59929.png; sourceTree = "<group>"; };
		315EC6E81A8B3FCB003D466D /* Setting_45236.png */ = {isa = PBXFileReference; lastKnownFileType = image.png; path = Setting_45236.png; sourceTree = "<group>"; };
		315EC6E91A8B3FCB003D466D /* Thumb_Up_76060.png */ = {isa = PBXFileReference; lastKnownFileType = image.png; path = Thumb_Up_76060.png; sourceTree = "<group>"; };
		315EC6EA1A8B3FCB003D466D /* Thumb_Up_76060_1.png */ = {isa = PBXFileReference; lastKnownFileType = image.png; path = Thumb_Up_76060_1.png; sourceTree = "<group>"; };
		315EC6EB1A8B3FCB003D466D /* Two lines 2.png */ = {isa = PBXFileReference; lastKnownFileType = image.png; path = "Two lines 2.png"; sourceTree = "<group>"; };
		315EC6EC1A8B3FCB003D466D /* User_7078.png */ = {isa = PBXFileReference; lastKnownFileType = image.png; path = User_7078.png; sourceTree = "<group>"; };
		315EC6ED1A8B3FCB003D466D /* Word_62928.png */ = {isa = PBXFileReference; lastKnownFileType = image.png; path = Word_62928.png; sourceTree = "<group>"; };
		315EC6EE1A8B3FCB003D466D /* Word_small_62928.png */ = {isa = PBXFileReference; lastKnownFileType = image.png; path = Word_small_62928.png; sourceTree = "<group>"; };
		315EC7041A8B4091003D466D /* HomeViewController.h */ = {isa = PBXFileReference; fileEncoding = 4; lastKnownFileType = sourcecode.c.h; path = HomeViewController.h; sourceTree = "<group>"; };
		315EC7051A8B4091003D466D /* HomeViewController.m */ = {isa = PBXFileReference; fileEncoding = 4; lastKnownFileType = sourcecode.c.objc; path = HomeViewController.m; sourceTree = "<group>"; };
		319BF1CA1A8DC415007BAF77 /* NewsFeedCell.h */ = {isa = PBXFileReference; fileEncoding = 4; lastKnownFileType = sourcecode.c.h; path = NewsFeedCell.h; sourceTree = "<group>"; };
		319BF1CB1A8DC415007BAF77 /* NewsFeedCell.m */ = {isa = PBXFileReference; fileEncoding = 4; lastKnownFileType = sourcecode.c.objc; path = NewsFeedCell.m; sourceTree = "<group>"; };
/* End PBXFileReference section */

/* Begin PBXFrameworksBuildPhase section */
		315EC6AA1A8B3F95003D466D /* Frameworks */ = {
			isa = PBXFrameworksBuildPhase;
			buildActionMask = 2147483647;
			files = (
			);
			runOnlyForDeploymentPostprocessing = 0;
		};
		315EC6C61A8B3F96003D466D /* Frameworks */ = {
			isa = PBXFrameworksBuildPhase;
			buildActionMask = 2147483647;
			files = (
			);
			runOnlyForDeploymentPostprocessing = 0;
		};
/* End PBXFrameworksBuildPhase section */

/* Begin PBXGroup section */
		315EC6A41A8B3F95003D466D = {
			isa = PBXGroup;
			children = (
				315EC6AF1A8B3F95003D466D /* Gifted Kids Parent */,
				315EC6CC1A8B3F96003D466D /* Gifted Kids ParentTests */,
				315EC6AE1A8B3F95003D466D /* Products */,
			);
			sourceTree = "<group>";
		};
		315EC6AE1A8B3F95003D466D /* Products */ = {
			isa = PBXGroup;
			children = (
				315EC6AD1A8B3F95003D466D /* Gifted Kids Parent.app */,
				315EC6C91A8B3F96003D466D /* Gifted Kids ParentTests.xctest */,
			);
			name = Products;
			sourceTree = "<group>";
		};
		315EC6AF1A8B3F95003D466D /* Gifted Kids Parent */ = {
			isa = PBXGroup;
			children = (
				315EC6BD1A8B3F96003D466D /* Main.storyboard */,
				315EC6B71A8B3F96003D466D /* Gifted_Kids_Parent.xcdatamodeld */,
				315EC6B41A8B3F96003D466D /* AppDelegate.h */,
				315EC6B51A8B3F96003D466D /* AppDelegate.m */,
				315EC7041A8B4091003D466D /* HomeViewController.h */,
				315EC7051A8B4091003D466D /* HomeViewController.m */,
				319BF1CA1A8DC415007BAF77 /* NewsFeedCell.h */,
				319BF1CB1A8DC415007BAF77 /* NewsFeedCell.m */,
				315EC6C01A8B3F96003D466D /* Images.xcassets */,
				315EC6C21A8B3F96003D466D /* LaunchScreen.xib */,
				315EC6D91A8B3FCB003D466D /* Resources */,
				315EC6B01A8B3F96003D466D /* Supporting Files */,
			);
			path = "Gifted Kids Parent";
			sourceTree = "<group>";
		};
		315EC6B01A8B3F96003D466D /* Supporting Files */ = {
			isa = PBXGroup;
			children = (
				315EC6B11A8B3F96003D466D /* Info.plist */,
				315EC6B21A8B3F96003D466D /* main.m */,
			);
			name = "Supporting Files";
			sourceTree = "<group>";
		};
		315EC6CC1A8B3F96003D466D /* Gifted Kids ParentTests */ = {
			isa = PBXGroup;
			children = (
				315EC6CF1A8B3F96003D466D /* Gifted_Kids_ParentTests.m */,
				315EC6CD1A8B3F96003D466D /* Supporting Files */,
			);
			path = "Gifted Kids ParentTests";
			sourceTree = "<group>";
		};
		315EC6CD1A8B3F96003D466D /* Supporting Files */ = {
			isa = PBXGroup;
			children = (
				315EC6CE1A8B3F96003D466D /* Info.plist */,
			);
			name = "Supporting Files";
			sourceTree = "<group>";
		};
		315EC6D91A8B3FCB003D466D /* Resources */ = {
			isa = PBXGroup;
			children = (
				315EC6DA1A8B3FCB003D466D /* Achievement_55588.png */,
				315EC6DB1A8B3FCB003D466D /* Alarm_11222.png */,
				315EC6DC1A8B3FCB003D466D /* Alarm_small_11222.png */,
				315EC6DD1A8B3FCB003D466D /* Award_50955.png */,
				315EC6DE1A8B3FCB003D466D /* Banner_38446.png */,
				315EC6DF1A8B3FCB003D466D /* Close_40378.png */,
				315EC6E01A8B3FCB003D466D /* Coin_99355.png */,
				315EC6E11A8B3FCB003D466D /* Coin_small_99355.png */,
				315EC6E21A8B3FCB003D466D /* Contract_59244.png */,
				315EC6E31A8B3FCB003D466D /* Home_56766.png */,
				315EC6E41A8B3FCB003D466D /* List_11796.png */,
				315EC6E51A8B3FCB003D466D /* Report_20789.png */,
				315EC6E61A8B3FCB003D466D /* Sentence_59929.png */,
				315EC6E71A8B3FCB003D466D /* Sentence_small_59929.png */,
				315EC6E81A8B3FCB003D466D /* Setting_45236.png */,
				315EC6E91A8B3FCB003D466D /* Thumb_Up_76060.png */,
				315EC6EA1A8B3FCB003D466D /* Thumb_Up_76060_1.png */,
				315EC6EB1A8B3FCB003D466D /* Two lines 2.png */,
				315EC6EC1A8B3FCB003D466D /* User_7078.png */,
				315EC6ED1A8B3FCB003D466D /* Word_62928.png */,
				315EC6EE1A8B3FCB003D466D /* Word_small_62928.png */,
			);
			path = Resources;
			sourceTree = "<group>";
		};
/* End PBXGroup section */

/* Begin PBXNativeTarget section */
		315EC6AC1A8B3F95003D466D /* Gifted Kids Parent */ = {
			isa = PBXNativeTarget;
			buildConfigurationList = 315EC6D31A8B3F96003D466D /* Build configuration list for PBXNativeTarget "Gifted Kids Parent" */;
			buildPhases = (
				315EC6A91A8B3F95003D466D /* Sources */,
				315EC6AA1A8B3F95003D466D /* Frameworks */,
				315EC6AB1A8B3F95003D466D /* Resources */,
			);
			buildRules = (
			);
			dependencies = (
			);
			name = "Gifted Kids Parent";
			productName = "Gifted Kids Parent";
			productReference = 315EC6AD1A8B3F95003D466D /* Gifted Kids Parent.app */;
			productType = "com.apple.product-type.application";
		};
		315EC6C81A8B3F96003D466D /* Gifted Kids ParentTests */ = {
			isa = PBXNativeTarget;
			buildConfigurationList = 315EC6D61A8B3F96003D466D /* Build configuration list for PBXNativeTarget "Gifted Kids ParentTests" */;
			buildPhases = (
				315EC6C51A8B3F96003D466D /* Sources */,
				315EC6C61A8B3F96003D466D /* Frameworks */,
				315EC6C71A8B3F96003D466D /* Resources */,
			);
			buildRules = (
			);
			dependencies = (
				315EC6CB1A8B3F96003D466D /* PBXTargetDependency */,
			);
			name = "Gifted Kids ParentTests";
			productName = "Gifted Kids ParentTests";
			productReference = 315EC6C91A8B3F96003D466D /* Gifted Kids ParentTests.xctest */;
			productType = "com.apple.product-type.bundle.unit-test";
		};
/* End PBXNativeTarget section */

/* Begin PBXProject section */
		315EC6A51A8B3F95003D466D /* Project object */ = {
			isa = PBXProject;
			attributes = {
				LastUpgradeCheck = 0610;
				ORGANIZATIONNAME = "Yi Li";
				TargetAttributes = {
					315EC6AC1A8B3F95003D466D = {
						CreatedOnToolsVersion = 6.1.1;
					};
					315EC6C81A8B3F96003D466D = {
						CreatedOnToolsVersion = 6.1.1;
						TestTargetID = 315EC6AC1A8B3F95003D466D;
					};
				};
			};
			buildConfigurationList = 315EC6A81A8B3F95003D466D /* Build configuration list for PBXProject "Gifted Kids Parent" */;
			compatibilityVersion = "Xcode 3.2";
			developmentRegion = English;
			hasScannedForEncodings = 0;
			knownRegions = (
				en,
				Base,
			);
			mainGroup = 315EC6A41A8B3F95003D466D;
			productRefGroup = 315EC6AE1A8B3F95003D466D /* Products */;
			projectDirPath = "";
			projectRoot = "";
			targets = (
				315EC6AC1A8B3F95003D466D /* Gifted Kids Parent */,
				315EC6C81A8B3F96003D466D /* Gifted Kids ParentTests */,
			);
		};
/* End PBXProject section */

/* Begin PBXResourcesBuildPhase section */
		315EC6AB1A8B3F95003D466D /* Resources */ = {
			isa = PBXResourcesBuildPhase;
			buildActionMask = 2147483647;
			files = (
				315EC6FC1A8B3FCB003D466D /* Sentence_small_59929.png in Resources */,
				315EC6FF1A8B3FCB003D466D /* Thumb_Up_76060_1.png in Resources */,
				315EC6F41A8B3FCB003D466D /* Close_40378.png in Resources */,
				315EC7001A8B3FCB003D466D /* Two lines 2.png in Resources */,
				315EC6F21A8B3FCB003D466D /* Award_50955.png in Resources */,
				315EC6F61A8B3FCB003D466D /* Coin_small_99355.png in Resources */,
				315EC7021A8B3FCB003D466D /* Word_62928.png in Resources */,
				315EC7011A8B3FCB003D466D /* User_7078.png in Resources */,
				315EC6F31A8B3FCB003D466D /* Banner_38446.png in Resources */,
				315EC6F81A8B3FCB003D466D /* Home_56766.png in Resources */,
				315EC6FA1A8B3FCB003D466D /* Report_20789.png in Resources */,
				315EC6BF1A8B3F96003D466D /* Main.storyboard in Resources */,
				315EC6C41A8B3F96003D466D /* LaunchScreen.xib in Resources */,
				315EC6F71A8B3FCB003D466D /* Contract_59244.png in Resources */,
				315EC6F91A8B3FCB003D466D /* List_11796.png in Resources */,
				315EC6F01A8B3FCB003D466D /* Alarm_11222.png in Resources */,
				315EC6FE1A8B3FCB003D466D /* Thumb_Up_76060.png in Resources */,
				315EC6FB1A8B3FCB003D466D /* Sentence_59929.png in Resources */,
				315EC6FD1A8B3FCB003D466D /* Setting_45236.png in Resources */,
				315EC6F51A8B3FCB003D466D /* Coin_99355.png in Resources */,
				315EC6C11A8B3F96003D466D /* Images.xcassets in Resources */,
				315EC7031A8B3FCB003D466D /* Word_small_62928.png in Resources */,
				315EC6F11A8B3FCB003D466D /* Alarm_small_11222.png in Resources */,
				315EC6EF1A8B3FCB003D466D /* Achievement_55588.png in Resources */,
			);
			runOnlyForDeploymentPostprocessing = 0;
		};
		315EC6C71A8B3F96003D466D /* Resources */ = {
			isa = PBXResourcesBuildPhase;
			buildActionMask = 2147483647;
			files = (
			);
			runOnlyForDeploymentPostprocessing = 0;
		};
/* End PBXResourcesBuildPhase section */

/* Begin PBXSourcesBuildPhase section */
		315EC6A91A8B3F95003D466D /* Sources */ = {
			isa = PBXSourcesBuildPhase;
			buildActionMask = 2147483647;
			files = (
				315EC6B91A8B3F96003D466D /* Gifted_Kids_Parent.xcdatamodeld in Sources */,
				315EC6B61A8B3F96003D466D /* AppDelegate.m in Sources */,
				315EC6B31A8B3F96003D466D /* main.m in Sources */,
				319BF1CC1A8DC415007BAF77 /* NewsFeedCell.m in Sources */,
				315EC7061A8B4091003D466D /* HomeViewController.m in Sources */,
			);
			runOnlyForDeploymentPostprocessing = 0;
		};
		315EC6C51A8B3F96003D466D /* Sources */ = {
			isa = PBXSourcesBuildPhase;
			buildActionMask = 2147483647;
			files = (
				315EC6D01A8B3F96003D466D /* Gifted_Kids_ParentTests.m in Sources */,
			);
			runOnlyForDeploymentPostprocessing = 0;
		};
/* End PBXSourcesBuildPhase section */

/* Begin PBXTargetDependency section */
		315EC6CB1A8B3F96003D466D /* PBXTargetDependency */ = {
			isa = PBXTargetDependency;
			target = 315EC6AC1A8B3F95003D466D /* Gifted Kids Parent */;
			targetProxy = 315EC6CA1A8B3F96003D466D /* PBXContainerItemProxy */;
		};
/* End PBXTargetDependency section */

/* Begin PBXVariantGroup section */
		315EC6BD1A8B3F96003D466D /* Main.storyboard */ = {
			isa = PBXVariantGroup;
			children = (
				315EC6BE1A8B3F96003D466D /* Base */,
			);
			name = Main.storyboard;
			sourceTree = "<group>";
		};
		315EC6C21A8B3F96003D466D /* LaunchScreen.xib */ = {
			isa = PBXVariantGroup;
			children = (
				315EC6C31A8B3F96003D466D /* Base */,
			);
			name = LaunchScreen.xib;
			sourceTree = "<group>";
		};
/* End PBXVariantGroup section */

/* Begin XCBuildConfiguration section */
		315EC6D11A8B3F96003D466D /* Debug */ = {
			isa = XCBuildConfiguration;
			buildSettings = {
				ALWAYS_SEARCH_USER_PATHS = NO;
				CLANG_CXX_LANGUAGE_STANDARD = "gnu++0x";
				CLANG_CXX_LIBRARY = "libc++";
				CLANG_ENABLE_MODULES = YES;
				CLANG_ENABLE_OBJC_ARC = YES;
				CLANG_WARN_BOOL_CONVERSION = YES;
				CLANG_WARN_CONSTANT_CONVERSION = YES;
				CLANG_WARN_DIRECT_OBJC_ISA_USAGE = YES_ERROR;
				CLANG_WARN_EMPTY_BODY = YES;
				CLANG_WARN_ENUM_CONVERSION = YES;
				CLANG_WARN_INT_CONVERSION = YES;
				CLANG_WARN_OBJC_ROOT_CLASS = YES_ERROR;
				CLANG_WARN_UNREACHABLE_CODE = YES;
				CLANG_WARN__DUPLICATE_METHOD_MATCH = YES;
				"CODE_SIGN_IDENTITY[sdk=iphoneos*]" = "iPhone Developer";
				COPY_PHASE_STRIP = NO;
				ENABLE_STRICT_OBJC_MSGSEND = YES;
				GCC_C_LANGUAGE_STANDARD = gnu99;
				GCC_DYNAMIC_NO_PIC = NO;
				GCC_OPTIMIZATION_LEVEL = 0;
				GCC_PREPROCESSOR_DEFINITIONS = (
					"DEBUG=1",
					"$(inherited)",
				);
				GCC_SYMBOLS_PRIVATE_EXTERN = NO;
				GCC_WARN_64_TO_32_BIT_CONVERSION = YES;
				GCC_WARN_ABOUT_RETURN_TYPE = YES_ERROR;
				GCC_WARN_UNDECLARED_SELECTOR = YES;
				GCC_WARN_UNINITIALIZED_AUTOS = YES_AGGRESSIVE;
				GCC_WARN_UNUSED_FUNCTION = YES;
				GCC_WARN_UNUSED_VARIABLE = YES;
				IPHONEOS_DEPLOYMENT_TARGET = 8.1;
				MTL_ENABLE_DEBUG_INFO = YES;
				ONLY_ACTIVE_ARCH = YES;
				SDKROOT = iphoneos;
			};
			name = Debug;
		};
		315EC6D21A8B3F96003D466D /* Release */ = {
			isa = XCBuildConfiguration;
			buildSettings = {
				ALWAYS_SEARCH_USER_PATHS = NO;
				CLANG_CXX_LANGUAGE_STANDARD = "gnu++0x";
				CLANG_CXX_LIBRARY = "libc++";
				CLANG_ENABLE_MODULES = YES;
				CLANG_ENABLE_OBJC_ARC = YES;
				CLANG_WARN_BOOL_CONVERSION = YES;
				CLANG_WARN_CONSTANT_CONVERSION = YES;
				CLANG_WARN_DIRECT_OBJC_ISA_USAGE = YES_ERROR;
				CLANG_WARN_EMPTY_BODY = YES;
				CLANG_WARN_ENUM_CONVERSION = YES;
				CLANG_WARN_INT_CONVERSION = YES;
				CLANG_WARN_OBJC_ROOT_CLASS = YES_ERROR;
				CLANG_WARN_UNREACHABLE_CODE = YES;
				CLANG_WARN__DUPLICATE_METHOD_MATCH = YES;
				"CODE_SIGN_IDENTITY[sdk=iphoneos*]" = "iPhone Developer";
				COPY_PHASE_STRIP = YES;
				ENABLE_NS_ASSERTIONS = NO;
				ENABLE_STRICT_OBJC_MSGSEND = YES;
				GCC_C_LANGUAGE_STANDARD = gnu99;
				GCC_WARN_64_TO_32_BIT_CONVERSION = YES;
				GCC_WARN_ABOUT_RETURN_TYPE = YES_ERROR;
				GCC_WARN_UNDECLARED_SELECTOR = YES;
				GCC_WARN_UNINITIALIZED_AUTOS = YES_AGGRESSIVE;
				GCC_WARN_UNUSED_FUNCTION = YES;
				GCC_WARN_UNUSED_VARIABLE = YES;
				IPHONEOS_DEPLOYMENT_TARGET = 8.1;
				MTL_ENABLE_DEBUG_INFO = NO;
				SDKROOT = iphoneos;
				VALIDATE_PRODUCT = YES;
			};
			name = Release;
		};
		315EC6D41A8B3F96003D466D /* Debug */ = {
			isa = XCBuildConfiguration;
			buildSettings = {
				ASSETCATALOG_COMPILER_APPICON_NAME = AppIcon;
				ASSETCATALOG_COMPILER_LAUNCHIMAGE_NAME = LaunchImage;
				INFOPLIST_FILE = "Gifted Kids Parent/Info.plist";
				IPHONEOS_DEPLOYMENT_TARGET = 7.0;
				LD_RUNPATH_SEARCH_PATHS = "$(inherited) @executable_path/Frameworks";
				PRODUCT_NAME = "$(TARGET_NAME)";
			};
			name = Debug;
		};
		315EC6D51A8B3F96003D466D /* Release */ = {
			isa = XCBuildConfiguration;
			buildSettings = {
				ASSETCATALOG_COMPILER_APPICON_NAME = AppIcon;
				ASSETCATALOG_COMPILER_LAUNCHIMAGE_NAME = LaunchImage;
				INFOPLIST_FILE = "Gifted Kids Parent/Info.plist";
				IPHONEOS_DEPLOYMENT_TARGET = 7.0;
				LD_RUNPATH_SEARCH_PATHS = "$(inherited) @executable_path/Frameworks";
				PRODUCT_NAME = "$(TARGET_NAME)";
			};
			name = Release;
		};
		315EC6D71A8B3F96003D466D /* Debug */ = {
			isa = XCBuildConfiguration;
			buildSettings = {
				BUNDLE_LOADER = "$(TEST_HOST)";
				FRAMEWORK_SEARCH_PATHS = (
					"$(SDKROOT)/Developer/Library/Frameworks",
					"$(inherited)",
				);
				GCC_PREPROCESSOR_DEFINITIONS = (
					"DEBUG=1",
					"$(inherited)",
				);
				INFOPLIST_FILE = "Gifted Kids ParentTests/Info.plist";
				LD_RUNPATH_SEARCH_PATHS = "$(inherited) @executable_path/Frameworks @loader_path/Frameworks";
				PRODUCT_NAME = "$(TARGET_NAME)";
				TEST_HOST = "$(BUILT_PRODUCTS_DIR)/Gifted Kids Parent.app/Gifted Kids Parent";
			};
			name = Debug;
		};
		315EC6D81A8B3F96003D466D /* Release */ = {
			isa = XCBuildConfiguration;
			buildSettings = {
				BUNDLE_LOADER = "$(TEST_HOST)";
				FRAMEWORK_SEARCH_PATHS = (
					"$(SDKROOT)/Developer/Library/Frameworks",
					"$(inherited)",
				);
				INFOPLIST_FILE = "Gifted Kids ParentTests/Info.plist";
				LD_RUNPATH_SEARCH_PATHS = "$(inherited) @executable_path/Frameworks @loader_path/Frameworks";
				PRODUCT_NAME = "$(TARGET_NAME)";
				TEST_HOST = "$(BUILT_PRODUCTS_DIR)/Gifted Kids Parent.app/Gifted Kids Parent";
			};
			name = Release;
		};
/* End XCBuildConfiguration section */

/* Begin XCConfigurationList section */
		315EC6A81A8B3F95003D466D /* Build configuration list for PBXProject "Gifted Kids Parent" */ = {
			isa = XCConfigurationList;
			buildConfigurations = (
				315EC6D11A8B3F96003D466D /* Debug */,
				315EC6D21A8B3F96003D466D /* Release */,
			);
			defaultConfigurationIsVisible = 0;
			defaultConfigurationName = Release;
		};
		315EC6D31A8B3F96003D466D /* Build configuration list for PBXNativeTarget "Gifted Kids Parent" */ = {
			isa = XCConfigurationList;
			buildConfigurations = (
				315EC6D41A8B3F96003D466D /* Debug */,
				315EC6D51A8B3F96003D466D /* Release */,
			);
			defaultConfigurationIsVisible = 0;
			defaultConfigurationName = Release;
		};
		315EC6D61A8B3F96003D466D /* Build configuration list for PBXNativeTarget "Gifted Kids ParentTests" */ = {
			isa = XCConfigurationList;
			buildConfigurations = (
				315EC6D71A8B3F96003D466D /* Debug */,
				315EC6D81A8B3F96003D466D /* Release */,
			);
			defaultConfigurationIsVisible = 0;
			defaultConfigurationName = Release;
		};
/* End XCConfigurationList section */

/* Begin XCVersionGroup section */
		315EC6B71A8B3F96003D466D /* Gifted_Kids_Parent.xcdatamodeld */ = {
			isa = XCVersionGroup;
			children = (
				315EC6B81A8B3F96003D466D /* Gifted_Kids_Parent.xcdatamodel */,
			);
			currentVersion = 315EC6B81A8B3F96003D466D /* Gifted_Kids_Parent.xcdatamodel */;
			path = Gifted_Kids_Parent.xcdatamodeld;
			sourceTree = "<group>";
			versionGroupType = wrapper.xcdatamodel;
		};
/* End XCVersionGroup section */
	};
	rootObject = 315EC6A51A8B3F95003D466D /* Project object */;
}
