// !$*UTF8*$!
{
	archiveVersion = 1;
	classes = {
	};
	objectVersion = 46;
	objects = {

/* Begin PBXBuildFile section */
		3145D0EE1A94DCF000DD17AF /* ParentUser.m in Sources */ = {isa = PBXBuildFile; fileRef = 3145D0ED1A94DCF000DD17AF /* ParentUser.m */; };
		3156E8E61A94829600281038 /* StudentLearnedComponent+Add.m in Sources */ = {isa = PBXBuildFile; fileRef = 3156E8E51A94829600281038 /* StudentLearnedComponent+Add.m */; };
		3156E8E91A9484B600281038 /* StudentInfo+Add.m in Sources */ = {isa = PBXBuildFile; fileRef = 3156E8E81A9484B600281038 /* StudentInfo+Add.m */; };
		315EC6B31A8B3F96003D466D /* main.m in Sources */ = {isa = PBXBuildFile; fileRef = 315EC6B21A8B3F96003D466D /* main.m */; };
		315EC6B61A8B3F96003D466D /* AppDelegate.m in Sources */ = {isa = PBXBuildFile; fileRef = 315EC6B51A8B3F96003D466D /* AppDelegate.m */; };
		315EC6B91A8B3F96003D466D /* Gifted_Kids_Parent.xcdatamodeld in Sources */ = {isa = PBXBuildFile; fileRef = 315EC6B71A8B3F96003D466D /* Gifted_Kids_Parent.xcdatamodeld */; };
		315EC6BF1A8B3F96003D466D /* Main.storyboard in Resources */ = {isa = PBXBuildFile; fileRef = 315EC6BD1A8B3F96003D466D /* Main.storyboard */; };
		315EC6C11A8B3F96003D466D /* Images.xcassets in Resources */ = {isa = PBXBuildFile; fileRef = 315EC6C01A8B3F96003D466D /* Images.xcassets */; };
		315EC6C41A8B3F96003D466D /* LaunchScreen.xib in Resources */ = {isa = PBXBuildFile; fileRef = 315EC6C21A8B3F96003D466D /* LaunchScreen.xib */; };
		315EC6D01A8B3F96003D466D /* Gifted_Kids_ParentTests.m in Sources */ = {isa = PBXBuildFile; fileRef = 315EC6CF1A8B3F96003D466D /* Gifted_Kids_ParentTests.m */; };
		315EC6EF1A8B3FCB003D466D /* Achievement_55588.png in Resources */ = {isa = PBXBuildFile; fileRef = 315EC6DA1A8B3FCB003D466D /* Achievement_55588.png */; };
		315EC6F01A8B3FCB003D466D /* Alarm_11222.png in Resources */ = {isa = PBXBuildFile; fileRef = 315EC6DB1A8B3FCB003D466D /* Alarm_11222.png */; };
		315EC6F11A8B3FCB003D466D /* Alarm_small_11222.png in Resources */ = {isa = PBXBuildFile; fileRef = 315EC6DC1A8B3FCB003D466D /* Alarm_small_11222.png */; };
		315EC6F21A8B3FCB003D466D /* Award_50955.png in Resources */ = {isa = PBXBuildFile; fileRef = 315EC6DD1A8B3FCB003D466D /* Award_50955.png */; };
		315EC6F31A8B3FCB003D466D /* Banner_38446.png in Resources */ = {isa = PBXBuildFile; fileRef = 315EC6DE1A8B3FCB003D466D /* Banner_38446.png */; };
		315EC6F41A8B3FCB003D466D /* Close_40378.png in Resources */ = {isa = PBXBuildFile; fileRef = 315EC6DF1A8B3FCB003D466D /* Close_40378.png */; };
		315EC6F51A8B3FCB003D466D /* Coin_99355.png in Resources */ = {isa = PBXBuildFile; fileRef = 315EC6E01A8B3FCB003D466D /* Coin_99355.png */; };
		315EC6F61A8B3FCB003D466D /* Coin_small_99355.png in Resources */ = {isa = PBXBuildFile; fileRef = 315EC6E11A8B3FCB003D466D /* Coin_small_99355.png */; };
		315EC6F71A8B3FCB003D466D /* Contract_59244.png in Resources */ = {isa = PBXBuildFile; fileRef = 315EC6E21A8B3FCB003D466D /* Contract_59244.png */; };
		315EC6F81A8B3FCB003D466D /* Home_56766.png in Resources */ = {isa = PBXBuildFile; fileRef = 315EC6E31A8B3FCB003D466D /* Home_56766.png */; };
		315EC6F91A8B3FCB003D466D /* List_11796.png in Resources */ = {isa = PBXBuildFile; fileRef = 315EC6E41A8B3FCB003D466D /* List_11796.png */; };
		315EC6FA1A8B3FCB003D466D /* Report_20789.png in Resources */ = {isa = PBXBuildFile; fileRef = 315EC6E51A8B3FCB003D466D /* Report_20789.png */; };
		315EC6FB1A8B3FCB003D466D /* Sentence_59929.png in Resources */ = {isa = PBXBuildFile; fileRef = 315EC6E61A8B3FCB003D466D /* Sentence_59929.png */; };
		315EC6FC1A8B3FCB003D466D /* Sentence_small_59929.png in Resources */ = {isa = PBXBuildFile; fileRef = 315EC6E71A8B3FCB003D466D /* Sentence_small_59929.png */; };
		315EC6FD1A8B3FCB003D466D /* Setting_45236.png in Resources */ = {isa = PBXBuildFile; fileRef = 315EC6E81A8B3FCB003D466D /* Setting_45236.png */; };
		315EC6FE1A8B3FCB003D466D /* Thumb_Up_76060.png in Resources */ = {isa = PBXBuildFile; fileRef = 315EC6E91A8B3FCB003D466D /* Thumb_Up_76060.png */; };
		315EC6FF1A8B3FCB003D466D /* Thumb_Up_76060_1.png in Resources */ = {isa = PBXBuildFile; fileRef = 315EC6EA1A8B3FCB003D466D /* Thumb_Up_76060_1.png */; };
		315EC7001A8B3FCB003D466D /* Two lines 2.png in Resources */ = {isa = PBXBuildFile; fileRef = 315EC6EB1A8B3FCB003D466D /* Two lines 2.png */; };
		315EC7011A8B3FCB003D466D /* User_7078.png in Resources */ = {isa = PBXBuildFile; fileRef = 315EC6EC1A8B3FCB003D466D /* User_7078.png */; };
		315EC7021A8B3FCB003D466D /* Word_62928.png in Resources */ = {isa = PBXBuildFile; fileRef = 315EC6ED1A8B3FCB003D466D /* Word_62928.png */; };
		315EC7031A8B3FCB003D466D /* Word_small_62928.png in Resources */ = {isa = PBXBuildFile; fileRef = 315EC6EE1A8B3FCB003D466D /* Word_small_62928.png */; };
		315EC7061A8B4091003D466D /* HomeViewController.m in Sources */ = {isa = PBXBuildFile; fileRef = 315EC7051A8B4091003D466D /* HomeViewController.m */; };
		3160E2241A9424C30028D71E /* StudentLearnedComponent.m in Sources */ = {isa = PBXBuildFile; fileRef = 3160E2231A9424C30028D71E /* StudentLearnedComponent.m */; };
		3160E2271A9424C30028D71E /* StudentInfo.m in Sources */ = {isa = PBXBuildFile; fileRef = 3160E2261A9424C30028D71E /* StudentInfo.m */; };
		316692651A9AC00A00099769 /* Bmob_iOS_SDK更新历史.txt in Resources */ = {isa = PBXBuildFile; fileRef = 316692631A9AC00A00099769 /* Bmob_iOS_SDK更新历史.txt */; };
		316692661A9AC00A00099769 /* BmobSDK.framework in Frameworks */ = {isa = PBXBuildFile; fileRef = 316692641A9AC00A00099769 /* BmobSDK.framework */; };
		31669BBE1A92EE9F007C4925 /* Parent.m in Sources */ = {isa = PBXBuildFile; fileRef = 31669BBD1A92EE9F007C4925 /* Parent.m */; };
		31669BC11A92EE9F007C4925 /* StudentDidExercise.m in Sources */ = {isa = PBXBuildFile; fileRef = 31669BC01A92EE9F007C4925 /* StudentDidExercise.m */; };
		31669BC41A92EE9F007C4925 /* Sentence.m in Sources */ = {isa = PBXBuildFile; fileRef = 31669BC31A92EE9F007C4925 /* Sentence.m */; };
		31669BCA1A92EEA0007C4925 /* StudentStartedSession.m in Sources */ = {isa = PBXBuildFile; fileRef = 31669BC91A92EEA0007C4925 /* StudentStartedSession.m */; };
		31669BDF1A92F397007C4925 /* DateManager.m in Sources */ = {isa = PBXBuildFile; fileRef = 31669BDE1A92F397007C4925 /* DateManager.m */; };
		31669BE21A92F73E007C4925 /* StudentLearnedWord.m in Sources */ = {isa = PBXBuildFile; fileRef = 31669BE11A92F73E007C4925 /* StudentLearnedWord.m */; };
		31669BE51A931729007C4925 /* StudentLearnedWord+Add.m in Sources */ = {isa = PBXBuildFile; fileRef = 31669BE41A931729007C4925 /* StudentLearnedWord+Add.m */; };
		319BF1CC1A8DC415007BAF77 /* ImageTextCell.m in Sources */ = {isa = PBXBuildFile; fileRef = 319BF1CB1A8DC415007BAF77 /* ImageTextCell.m */; };
		319BF1E61A8DE773007BAF77 /* SWRevealViewController.m in Sources */ = {isa = PBXBuildFile; fileRef = 319BF1E51A8DE773007BAF77 /* SWRevealViewController.m */; };
		319BF1E91A8DE7D6007BAF77 /* Menu.png in Resources */ = {isa = PBXBuildFile; fileRef = 319BF1E71A8DE7D6007BAF77 /* Menu.png */; };
		319BF1EA1A8DE7D6007BAF77 /* Menu@2x.png in Resources */ = {isa = PBXBuildFile; fileRef = 319BF1E81A8DE7D6007BAF77 /* Menu@2x.png */; };
		319BF1ED1A8DEC6E007BAF77 /* NewsFeedController.m in Sources */ = {isa = PBXBuildFile; fileRef = 319BF1EC1A8DEC6E007BAF77 /* NewsFeedController.m */; };
		319BF1F01A8DEF81007BAF77 /* SidebarViewController.m in Sources */ = {isa = PBXBuildFile; fileRef = 319BF1EF1A8DEF81007BAF77 /* SidebarViewController.m */; };
		319EFB521A904779008B7F2B /* FormFieldCell.m in Sources */ = {isa = PBXBuildFile; fileRef = 319EFB511A904779008B7F2B /* FormFieldCell.m */; };
		319EFB5C1A9047AC008B7F2B /* BEMCircle.m in Sources */ = {isa = PBXBuildFile; fileRef = 319EFB551A9047AC008B7F2B /* BEMCircle.m */; };
		319EFB5D1A9047AC008B7F2B /* BEMLine.m in Sources */ = {isa = PBXBuildFile; fileRef = 319EFB571A9047AC008B7F2B /* BEMLine.m */; };
		319EFB5E1A9047AC008B7F2B /* BEMPermanentPopupView.m in Sources */ = {isa = PBXBuildFile; fileRef = 319EFB591A9047AC008B7F2B /* BEMPermanentPopupView.m */; };
		319EFB5F1A9047AC008B7F2B /* BEMSimpleLineGraphView.m in Sources */ = {isa = PBXBuildFile; fileRef = 319EFB5B1A9047AC008B7F2B /* BEMSimpleLineGraphView.m */; };
		319EFB621A904927008B7F2B /* LogInViewController.m in Sources */ = {isa = PBXBuildFile; fileRef = 319EFB611A904927008B7F2B /* LogInViewController.m */; };
		319EFB811A9076B6008B7F2B /* CoreLocation.framework in Frameworks */ = {isa = PBXBuildFile; fileRef = 319EFB681A907615008B7F2B /* CoreLocation.framework */; };
		319EFB821A9076BF008B7F2B /* Security.framework in Frameworks */ = {isa = PBXBuildFile; fileRef = 319EFB6A1A90761E008B7F2B /* Security.framework */; };
		319EFB831A9076C6008B7F2B /* CoreGraphics.framework in Frameworks */ = {isa = PBXBuildFile; fileRef = 319EFB6C1A907625008B7F2B /* CoreGraphics.framework */; };
		319EFB841A9076CC008B7F2B /* MobileCoreServices.framework in Frameworks */ = {isa = PBXBuildFile; fileRef = 319EFB6E1A90762E008B7F2B /* MobileCoreServices.framework */; };
		319EFB851A9076D1008B7F2B /* CFNetwork.framework in Frameworks */ = {isa = PBXBuildFile; fileRef = 319EFB701A907633008B7F2B /* CFNetwork.framework */; };
		319EFB861A90770E008B7F2B /* CoreTelephony.framework in Frameworks */ = {isa = PBXBuildFile; fileRef = 319EFB721A90763A008B7F2B /* CoreTelephony.framework */; };
		319EFB871A907714008B7F2B /* SystemConfiguration.framework in Frameworks */ = {isa = PBXBuildFile; fileRef = 319EFB741A907640008B7F2B /* SystemConfiguration.framework */; };
		319EFB881A907719008B7F2B /* libz.1.2.5.dylib in Frameworks */ = {isa = PBXBuildFile; fileRef = 319EFB761A907648008B7F2B /* libz.1.2.5.dylib */; };
		319EFB891A90771E008B7F2B /* libicucore.dylib in Frameworks */ = {isa = PBXBuildFile; fileRef = 319EFB781A907650008B7F2B /* libicucore.dylib */; };
		319EFB8A1A907724008B7F2B /* libsqlite3.dylib in Frameworks */ = {isa = PBXBuildFile; fileRef = 319EFB7A1A90765C008B7F2B /* libsqlite3.dylib */; };
		319EFB8B1A907729008B7F2B /* AVFoundation.framework in Frameworks */ = {isa = PBXBuildFile; fileRef = 319EFB7C1A907663008B7F2B /* AVFoundation.framework */; };
		319EFB8C1A90772E008B7F2B /* MediaPlayer.framework in Frameworks */ = {isa = PBXBuildFile; fileRef = 319EFB7E1A907669008B7F2B /* MediaPlayer.framework */; };
		4DDEEB351A8E442A00831652 /* ReportViewController.m in Sources */ = {isa = PBXBuildFile; fileRef = 4DDEEB341A8E442A00831652 /* ReportViewController.m */; };
/* End PBXBuildFile section */

/* Begin PBXContainerItemProxy section */
		315EC6CA1A8B3F96003D466D /* PBXContainerItemProxy */ = {
			isa = PBXContainerItemProxy;
			containerPortal = 315EC6A51A8B3F95003D466D /* Project object */;
			proxyType = 1;
			remoteGlobalIDString = 315EC6AC1A8B3F95003D466D;
			remoteInfo = "Gifted Kids Parent";
		};
/* End PBXContainerItemProxy section */

/* Begin PBXFileReference section */
		3145D0EC1A94DCF000DD17AF /* ParentUser.h */ = {isa = PBXFileReference; fileEncoding = 4; lastKnownFileType = sourcecode.c.h; path = ParentUser.h; sourceTree = "<group>"; };
		3145D0ED1A94DCF000DD17AF /* ParentUser.m */ = {isa = PBXFileReference; fileEncoding = 4; lastKnownFileType = sourcecode.c.objc; path = ParentUser.m; sourceTree = "<group>"; };
		3156E8E41A94829600281038 /* StudentLearnedComponent+Add.h */ = {isa = PBXFileReference; fileEncoding = 4; lastKnownFileType = sourcecode.c.h; path = "StudentLearnedComponent+Add.h"; sourceTree = "<group>"; };
		3156E8E51A94829600281038 /* StudentLearnedComponent+Add.m */ = {isa = PBXFileReference; fileEncoding = 4; lastKnownFileType = sourcecode.c.objc; path = "StudentLearnedComponent+Add.m"; sourceTree = "<group>"; };
		3156E8E71A9484B600281038 /* StudentInfo+Add.h */ = {isa = PBXFileReference; fileEncoding = 4; lastKnownFileType = sourcecode.c.h; path = "StudentInfo+Add.h"; sourceTree = "<group>"; };
		3156E8E81A9484B600281038 /* StudentInfo+Add.m */ = {isa = PBXFileReference; fileEncoding = 4; lastKnownFileType = sourcecode.c.objc; path = "StudentInfo+Add.m"; sourceTree = "<group>"; };
		315EC6AD1A8B3F95003D466D /* Gifted Kids Parent.app */ = {isa = PBXFileReference; explicitFileType = wrapper.application; includeInIndex = 0; path = "Gifted Kids Parent.app"; sourceTree = BUILT_PRODUCTS_DIR; };
		315EC6B11A8B3F96003D466D /* Info.plist */ = {isa = PBXFileReference; lastKnownFileType = text.plist.xml; path = Info.plist; sourceTree = "<group>"; };
		315EC6B21A8B3F96003D466D /* main.m */ = {isa = PBXFileReference; lastKnownFileType = sourcecode.c.objc; path = main.m; sourceTree = "<group>"; };
		315EC6B41A8B3F96003D466D /* AppDelegate.h */ = {isa = PBXFileReference; lastKnownFileType = sourcecode.c.h; path = AppDelegate.h; sourceTree = "<group>"; };
		315EC6B51A8B3F96003D466D /* AppDelegate.m */ = {isa = PBXFileReference; lastKnownFileType = sourcecode.c.objc; path = AppDelegate.m; sourceTree = "<group>"; };
		315EC6B81A8B3F96003D466D /* Gifted_Kids_Parent.xcdatamodel */ = {isa = PBXFileReference; lastKnownFileType = wrapper.xcdatamodel; path = Gifted_Kids_Parent.xcdatamodel; sourceTree = "<group>"; };
		315EC6BE1A8B3F96003D466D /* Base */ = {isa = PBXFileReference; lastKnownFileType = file.storyboard; name = Base; path = Base.lproj/Main.storyboard; sourceTree = "<group>"; };
		315EC6C01A8B3F96003D466D /* Images.xcassets */ = {isa = PBXFileReference; lastKnownFileType = folder.assetcatalog; path = Images.xcassets; sourceTree = "<group>"; };
		315EC6C31A8B3F96003D466D /* Base */ = {isa = PBXFileReference; lastKnownFileType = file.xib; name = Base; path = Base.lproj/LaunchScreen.xib; sourceTree = "<group>"; };
		315EC6C91A8B3F96003D466D /* Gifted Kids ParentTests.xctest */ = {isa = PBXFileReference; explicitFileType = wrapper.cfbundle; includeInIndex = 0; path = "Gifted Kids ParentTests.xctest"; sourceTree = BUILT_PRODUCTS_DIR; };
		315EC6CE1A8B3F96003D466D /* Info.plist */ = {isa = PBXFileReference; lastKnownFileType = text.plist.xml; path = Info.plist; sourceTree = "<group>"; };
		315EC6CF1A8B3F96003D466D /* Gifted_Kids_ParentTests.m */ = {isa = PBXFileReference; lastKnownFileType = sourcecode.c.objc; path = Gifted_Kids_ParentTests.m; sourceTree = "<group>"; };
		315EC6DA1A8B3FCB003D466D /* Achievement_55588.png */ = {isa = PBXFileReference; lastKnownFileType = image.png; path = Achievement_55588.png; sourceTree = "<group>"; };
		315EC6DB1A8B3FCB003D466D /* Alarm_11222.png */ = {isa = PBXFileReference; lastKnownFileType = image.png; path = Alarm_11222.png; sourceTree = "<group>"; };
		315EC6DC1A8B3FCB003D466D /* Alarm_small_11222.png */ = {isa = PBXFileReference; lastKnownFileType = image.png; path = Alarm_small_11222.png; sourceTree = "<group>"; };
		315EC6DD1A8B3FCB003D466D /* Award_50955.png */ = {isa = PBXFileReference; lastKnownFileType = image.png; path = Award_50955.png; sourceTree = "<group>"; };
		315EC6DE1A8B3FCB003D466D /* Banner_38446.png */ = {isa = PBXFileReference; lastKnownFileType = image.png; path = Banner_38446.png; sourceTree = "<group>"; };
		315EC6DF1A8B3FCB003D466D /* Close_40378.png */ = {isa = PBXFileReference; lastKnownFileType = image.png; path = Close_40378.png; sourceTree = "<group>"; };
		315EC6E01A8B3FCB003D466D /* Coin_99355.png */ = {isa = PBXFileReference; lastKnownFileType = image.png; path = Coin_99355.png; sourceTree = "<group>"; };
		315EC6E11A8B3FCB003D466D /* Coin_small_99355.png */ = {isa = PBXFileReference; lastKnownFileType = image.png; path = Coin_small_99355.png; sourceTree = "<group>"; };
		315EC6E21A8B3FCB003D466D /* Contract_59244.png */ = {isa = PBXFileReference; lastKnownFileType = image.png; path = Contract_59244.png; sourceTree = "<group>"; };
		315EC6E31A8B3FCB003D466D /* Home_56766.png */ = {isa = PBXFileReference; lastKnownFileType = image.png; path = Home_56766.png; sourceTree = "<group>"; };
		315EC6E41A8B3FCB003D466D /* List_11796.png */ = {isa = PBXFileReference; lastKnownFileType = image.png; path = List_11796.png; sourceTree = "<group>"; };
		315EC6E51A8B3FCB003D466D /* Report_20789.png */ = {isa = PBXFileReference; lastKnownFileType = image.png; path = Report_20789.png; sourceTree = "<group>"; };
		315EC6E61A8B3FCB003D466D /* Sentence_59929.png */ = {isa = PBXFileReference; lastKnownFileType = image.png; path = Sentence_59929.png; sourceTree = "<group>"; };
		315EC6E71A8B3FCB003D466D /* Sentence_small_59929.png */ = {isa = PBXFileReference; lastKnownFileType = image.png; path = Sentence_small_59929.png; sourceTree = "<group>"; };
		315EC6E81A8B3FCB003D466D /* Setting_45236.png */ = {isa = PBXFileReference; lastKnownFileType = image.png; path = Setting_45236.png; sourceTree = "<group>"; };
		315EC6E91A8B3FCB003D466D /* Thumb_Up_76060.png */ = {isa = PBXFileReference; lastKnownFileType = image.png; path = Thumb_Up_76060.png; sourceTree = "<group>"; };
		315EC6EA1A8B3FCB003D466D /* Thumb_Up_76060_1.png */ = {isa = PBXFileReference; lastKnownFileType = image.png; path = Thumb_Up_76060_1.png; sourceTree = "<group>"; };
		315EC6EB1A8B3FCB003D466D /* Two lines 2.png */ = {isa = PBXFileReference; lastKnownFileType = image.png; path = "Two lines 2.png"; sourceTree = "<group>"; };
		315EC6EC1A8B3FCB003D466D /* User_7078.png */ = {isa = PBXFileReference; lastKnownFileType = image.png; path = User_7078.png; sourceTree = "<group>"; };
		315EC6ED1A8B3FCB003D466D /* Word_62928.png */ = {isa = PBXFileReference; lastKnownFileType = image.png; path = Word_62928.png; sourceTree = "<group>"; };
		315EC6EE1A8B3FCB003D466D /* Word_small_62928.png */ = {isa = PBXFileReference; lastKnownFileType = image.png; path = Word_small_62928.png; sourceTree = "<group>"; };
		315EC7041A8B4091003D466D /* HomeViewController.h */ = {isa = PBXFileReference; fileEncoding = 4; lastKnownFileType = sourcecode.c.h; path = HomeViewController.h; sourceTree = "<group>"; };
		315EC7051A8B4091003D466D /* HomeViewController.m */ = {isa = PBXFileReference; fileEncoding = 4; lastKnownFileType = sourcecode.c.objc; path = HomeViewController.m; sourceTree = "<group>"; };
		3160E2221A9424C30028D71E /* StudentLearnedComponent.h */ = {isa = PBXFileReference; fileEncoding = 4; lastKnownFileType = sourcecode.c.h; path = StudentLearnedComponent.h; sourceTree = "<group>"; };
		3160E2231A9424C30028D71E /* StudentLearnedComponent.m */ = {isa = PBXFileReference; fileEncoding = 4; lastKnownFileType = sourcecode.c.objc; path = StudentLearnedComponent.m; sourceTree = "<group>"; };
		3160E2251A9424C30028D71E /* StudentInfo.h */ = {isa = PBXFileReference; fileEncoding = 4; lastKnownFileType = sourcecode.c.h; path = StudentInfo.h; sourceTree = "<group>"; };
		3160E2261A9424C30028D71E /* StudentInfo.m */ = {isa = PBXFileReference; fileEncoding = 4; lastKnownFileType = sourcecode.c.objc; path = StudentInfo.m; sourceTree = "<group>"; };
		316692631A9AC00A00099769 /* Bmob_iOS_SDK更新历史.txt */ = {isa = PBXFileReference; fileEncoding = 4; lastKnownFileType = text; path = "Bmob_iOS_SDK更新历史.txt"; sourceTree = "<group>"; };
		316692641A9AC00A00099769 /* BmobSDK.framework */ = {isa = PBXFileReference; lastKnownFileType = wrapper.framework; path = BmobSDK.framework; sourceTree = "<group>"; };
		31669BBC1A92EE9F007C4925 /* Parent.h */ = {isa = PBXFileReference; fileEncoding = 4; lastKnownFileType = sourcecode.c.h; path = Parent.h; sourceTree = "<group>"; };
		31669BBD1A92EE9F007C4925 /* Parent.m */ = {isa = PBXFileReference; fileEncoding = 4; lastKnownFileType = sourcecode.c.objc; path = Parent.m; sourceTree = "<group>"; };
		31669BBF1A92EE9F007C4925 /* StudentDidExercise.h */ = {isa = PBXFileReference; fileEncoding = 4; lastKnownFileType = sourcecode.c.h; path = StudentDidExercise.h; sourceTree = "<group>"; };
		31669BC01A92EE9F007C4925 /* StudentDidExercise.m */ = {isa = PBXFileReference; fileEncoding = 4; lastKnownFileType = sourcecode.c.objc; path = StudentDidExercise.m; sourceTree = "<group>"; };
		31669BC21A92EE9F007C4925 /* Sentence.h */ = {isa = PBXFileReference; fileEncoding = 4; lastKnownFileType = sourcecode.c.h; path = Sentence.h; sourceTree = "<group>"; };
		31669BC31A92EE9F007C4925 /* Sentence.m */ = {isa = PBXFileReference; fileEncoding = 4; lastKnownFileType = sourcecode.c.objc; path = Sentence.m; sourceTree = "<group>"; };
		31669BC81A92EEA0007C4925 /* StudentStartedSession.h */ = {isa = PBXFileReference; fileEncoding = 4; lastKnownFileType = sourcecode.c.h; path = StudentStartedSession.h; sourceTree = "<group>"; };
		31669BC91A92EEA0007C4925 /* StudentStartedSession.m */ = {isa = PBXFileReference; fileEncoding = 4; lastKnownFileType = sourcecode.c.objc; path = StudentStartedSession.m; sourceTree = "<group>"; };
		31669BDD1A92F397007C4925 /* DateManager.h */ = {isa = PBXFileReference; fileEncoding = 4; lastKnownFileType = sourcecode.c.h; path = DateManager.h; sourceTree = "<group>"; };
		31669BDE1A92F397007C4925 /* DateManager.m */ = {isa = PBXFileReference; fileEncoding = 4; lastKnownFileType = sourcecode.c.objc; path = DateManager.m; sourceTree = "<group>"; };
		31669BE01A92F73E007C4925 /* StudentLearnedWord.h */ = {isa = PBXFileReference; fileEncoding = 4; lastKnownFileType = sourcecode.c.h; path = StudentLearnedWord.h; sourceTree = "<group>"; };
		31669BE11A92F73E007C4925 /* StudentLearnedWord.m */ = {isa = PBXFileReference; fileEncoding = 4; lastKnownFileType = sourcecode.c.objc; path = StudentLearnedWord.m; sourceTree = "<group>"; };
		31669BE31A931729007C4925 /* StudentLearnedWord+Add.h */ = {isa = PBXFileReference; fileEncoding = 4; lastKnownFileType = sourcecode.c.h; path = "StudentLearnedWord+Add.h"; sourceTree = "<group>"; };
		31669BE41A931729007C4925 /* StudentLearnedWord+Add.m */ = {isa = PBXFileReference; fileEncoding = 4; lastKnownFileType = sourcecode.c.objc; path = "StudentLearnedWord+Add.m"; sourceTree = "<group>"; };
		319BF1CA1A8DC415007BAF77 /* ImageTextCell.h */ = {isa = PBXFileReference; fileEncoding = 4; lastKnownFileType = sourcecode.c.h; path = ImageTextCell.h; sourceTree = "<group>"; };
		319BF1CB1A8DC415007BAF77 /* ImageTextCell.m */ = {isa = PBXFileReference; fileEncoding = 4; lastKnownFileType = sourcecode.c.objc; path = ImageTextCell.m; sourceTree = "<group>"; };
		319BF1E41A8DE773007BAF77 /* SWRevealViewController.h */ = {isa = PBXFileReference; fileEncoding = 4; lastKnownFileType = sourcecode.c.h; path = SWRevealViewController.h; sourceTree = "<group>"; };
		319BF1E51A8DE773007BAF77 /* SWRevealViewController.m */ = {isa = PBXFileReference; fileEncoding = 4; lastKnownFileType = sourcecode.c.objc; path = SWRevealViewController.m; sourceTree = "<group>"; };
		319BF1E71A8DE7D6007BAF77 /* Menu.png */ = {isa = PBXFileReference; lastKnownFileType = image.png; path = Menu.png; sourceTree = "<group>"; };
		319BF1E81A8DE7D6007BAF77 /* Menu@2x.png */ = {isa = PBXFileReference; lastKnownFileType = image.png; path = "Menu@2x.png"; sourceTree = "<group>"; };
		319BF1EB1A8DEC6E007BAF77 /* NewsFeedController.h */ = {isa = PBXFileReference; fileEncoding = 4; lastKnownFileType = sourcecode.c.h; path = NewsFeedController.h; sourceTree = "<group>"; };
		319BF1EC1A8DEC6E007BAF77 /* NewsFeedController.m */ = {isa = PBXFileReference; fileEncoding = 4; lastKnownFileType = sourcecode.c.objc; path = NewsFeedController.m; sourceTree = "<group>"; };
		319BF1EE1A8DEF81007BAF77 /* SidebarViewController.h */ = {isa = PBXFileReference; fileEncoding = 4; lastKnownFileType = sourcecode.c.h; path = SidebarViewController.h; sourceTree = "<group>"; };
		319BF1EF1A8DEF81007BAF77 /* SidebarViewController.m */ = {isa = PBXFileReference; fileEncoding = 4; lastKnownFileType = sourcecode.c.objc; path = SidebarViewController.m; sourceTree = "<group>"; };
		319EFB501A904779008B7F2B /* FormFieldCell.h */ = {isa = PBXFileReference; fileEncoding = 4; lastKnownFileType = sourcecode.c.h; path = FormFieldCell.h; sourceTree = "<group>"; };
		319EFB511A904779008B7F2B /* FormFieldCell.m */ = {isa = PBXFileReference; fileEncoding = 4; lastKnownFileType = sourcecode.c.objc; path = FormFieldCell.m; sourceTree = "<group>"; };
		319EFB541A9047AC008B7F2B /* BEMCircle.h */ = {isa = PBXFileReference; fileEncoding = 4; lastKnownFileType = sourcecode.c.h; path = BEMCircle.h; sourceTree = "<group>"; };
		319EFB551A9047AC008B7F2B /* BEMCircle.m */ = {isa = PBXFileReference; fileEncoding = 4; lastKnownFileType = sourcecode.c.objc; path = BEMCircle.m; sourceTree = "<group>"; };
		319EFB561A9047AC008B7F2B /* BEMLine.h */ = {isa = PBXFileReference; fileEncoding = 4; lastKnownFileType = sourcecode.c.h; path = BEMLine.h; sourceTree = "<group>"; };
		319EFB571A9047AC008B7F2B /* BEMLine.m */ = {isa = PBXFileReference; fileEncoding = 4; lastKnownFileType = sourcecode.c.objc; path = BEMLine.m; sourceTree = "<group>"; };
		319EFB581A9047AC008B7F2B /* BEMPermanentPopupView.h */ = {isa = PBXFileReference; fileEncoding = 4; lastKnownFileType = sourcecode.c.h; path = BEMPermanentPopupView.h; sourceTree = "<group>"; };
		319EFB591A9047AC008B7F2B /* BEMPermanentPopupView.m */ = {isa = PBXFileReference; fileEncoding = 4; lastKnownFileType = sourcecode.c.objc; path = BEMPermanentPopupView.m; sourceTree = "<group>"; };
		319EFB5A1A9047AC008B7F2B /* BEMSimpleLineGraphView.h */ = {isa = PBXFileReference; fileEncoding = 4; lastKnownFileType = sourcecode.c.h; path = BEMSimpleLineGraphView.h; sourceTree = "<group>"; };
		319EFB5B1A9047AC008B7F2B /* BEMSimpleLineGraphView.m */ = {isa = PBXFileReference; fileEncoding = 4; lastKnownFileType = sourcecode.c.objc; path = BEMSimpleLineGraphView.m; sourceTree = "<group>"; };
		319EFB601A904927008B7F2B /* LogInViewController.h */ = {isa = PBXFileReference; fileEncoding = 4; lastKnownFileType = sourcecode.c.h; path = LogInViewController.h; sourceTree = "<group>"; };
		319EFB611A904927008B7F2B /* LogInViewController.m */ = {isa = PBXFileReference; fileEncoding = 4; lastKnownFileType = sourcecode.c.objc; path = LogInViewController.m; sourceTree = "<group>"; };
		319EFB681A907615008B7F2B /* CoreLocation.framework */ = {isa = PBXFileReference; lastKnownFileType = wrapper.framework; name = CoreLocation.framework; path = System/Library/Frameworks/CoreLocation.framework; sourceTree = SDKROOT; };
		319EFB6A1A90761E008B7F2B /* Security.framework */ = {isa = PBXFileReference; lastKnownFileType = wrapper.framework; name = Security.framework; path = System/Library/Frameworks/Security.framework; sourceTree = SDKROOT; };
		319EFB6C1A907625008B7F2B /* CoreGraphics.framework */ = {isa = PBXFileReference; lastKnownFileType = wrapper.framework; name = CoreGraphics.framework; path = System/Library/Frameworks/CoreGraphics.framework; sourceTree = SDKROOT; };
		319EFB6E1A90762E008B7F2B /* MobileCoreServices.framework */ = {isa = PBXFileReference; lastKnownFileType = wrapper.framework; name = MobileCoreServices.framework; path = System/Library/Frameworks/MobileCoreServices.framework; sourceTree = SDKROOT; };
		319EFB701A907633008B7F2B /* CFNetwork.framework */ = {isa = PBXFileReference; lastKnownFileType = wrapper.framework; name = CFNetwork.framework; path = System/Library/Frameworks/CFNetwork.framework; sourceTree = SDKROOT; };
		319EFB721A90763A008B7F2B /* CoreTelephony.framework */ = {isa = PBXFileReference; lastKnownFileType = wrapper.framework; name = CoreTelephony.framework; path = System/Library/Frameworks/CoreTelephony.framework; sourceTree = SDKROOT; };
		319EFB741A907640008B7F2B /* SystemConfiguration.framework */ = {isa = PBXFileReference; lastKnownFileType = wrapper.framework; name = SystemConfiguration.framework; path = System/Library/Frameworks/SystemConfiguration.framework; sourceTree = SDKROOT; };
		319EFB761A907648008B7F2B /* libz.1.2.5.dylib */ = {isa = PBXFileReference; lastKnownFileType = "compiled.mach-o.dylib"; name = libz.1.2.5.dylib; path = usr/lib/libz.1.2.5.dylib; sourceTree = SDKROOT; };
		319EFB781A907650008B7F2B /* libicucore.dylib */ = {isa = PBXFileReference; lastKnownFileType = "compiled.mach-o.dylib"; name = libicucore.dylib; path = usr/lib/libicucore.dylib; sourceTree = SDKROOT; };
		319EFB7A1A90765C008B7F2B /* libsqlite3.dylib */ = {isa = PBXFileReference; lastKnownFileType = "compiled.mach-o.dylib"; name = libsqlite3.dylib; path = usr/lib/libsqlite3.dylib; sourceTree = SDKROOT; };
		319EFB7C1A907663008B7F2B /* AVFoundation.framework */ = {isa = PBXFileReference; lastKnownFileType = wrapper.framework; name = AVFoundation.framework; path = System/Library/Frameworks/AVFoundation.framework; sourceTree = SDKROOT; };
		319EFB7E1A907669008B7F2B /* MediaPlayer.framework */ = {isa = PBXFileReference; lastKnownFileType = wrapper.framework; name = MediaPlayer.framework; path = System/Library/Frameworks/MediaPlayer.framework; sourceTree = SDKROOT; };
		4DDEEB331A8E442A00831652 /* ReportViewController.h */ = {isa = PBXFileReference; fileEncoding = 4; lastKnownFileType = sourcecode.c.h; path = ReportViewController.h; sourceTree = "<group>"; };
		4DDEEB341A8E442A00831652 /* ReportViewController.m */ = {isa = PBXFileReference; fileEncoding = 4; lastKnownFileType = sourcecode.c.objc; path = ReportViewController.m; sourceTree = "<group>"; };
/* End PBXFileReference section */

/* Begin PBXFrameworksBuildPhase section */
		315EC6AA1A8B3F95003D466D /* Frameworks */ = {
			isa = PBXFrameworksBuildPhase;
			buildActionMask = 2147483647;
			files = (
				319EFB8C1A90772E008B7F2B /* MediaPlayer.framework in Frameworks */,
				319EFB8B1A907729008B7F2B /* AVFoundation.framework in Frameworks */,
				319EFB8A1A907724008B7F2B /* libsqlite3.dylib in Frameworks */,
				319EFB891A90771E008B7F2B /* libicucore.dylib in Frameworks */,
				319EFB881A907719008B7F2B /* libz.1.2.5.dylib in Frameworks */,
				319EFB871A907714008B7F2B /* SystemConfiguration.framework in Frameworks */,
				316692661A9AC00A00099769 /* BmobSDK.framework in Frameworks */,
				319EFB861A90770E008B7F2B /* CoreTelephony.framework in Frameworks */,
				319EFB851A9076D1008B7F2B /* CFNetwork.framework in Frameworks */,
				319EFB841A9076CC008B7F2B /* MobileCoreServices.framework in Frameworks */,
				319EFB831A9076C6008B7F2B /* CoreGraphics.framework in Frameworks */,
				319EFB821A9076BF008B7F2B /* Security.framework in Frameworks */,
				319EFB811A9076B6008B7F2B /* CoreLocation.framework in Frameworks */,
			);
			runOnlyForDeploymentPostprocessing = 0;
		};
		315EC6C61A8B3F96003D466D /* Frameworks */ = {
			isa = PBXFrameworksBuildPhase;
			buildActionMask = 2147483647;
			files = (
			);
			runOnlyForDeploymentPostprocessing = 0;
		};
/* End PBXFrameworksBuildPhase section */

/* Begin PBXGroup section */
		315EC6A41A8B3F95003D466D = {
			isa = PBXGroup;
			children = (
				315EC6AF1A8B3F95003D466D /* Gifted Kids Parent */,
				319EFB801A90767D008B7F2B /* Framework */,
				315EC6CC1A8B3F96003D466D /* Gifted Kids ParentTests */,
				315EC6AE1A8B3F95003D466D /* Products */,
			);
			sourceTree = "<group>";
		};
		315EC6AE1A8B3F95003D466D /* Products */ = {
			isa = PBXGroup;
			children = (
				315EC6AD1A8B3F95003D466D /* Gifted Kids Parent.app */,
				315EC6C91A8B3F96003D466D /* Gifted Kids ParentTests.xctest */,
			);
			name = Products;
			sourceTree = "<group>";
		};
		315EC6AF1A8B3F95003D466D /* Gifted Kids Parent */ = {
			isa = PBXGroup;
			children = (
				316692621A9AC00A00099769 /* Bmob_SDK_iOS_v1.5.2 */,
				319BF1E31A8DE773007BAF77 /* SWRevealViewController */,
				319EFB531A9047AC008B7F2B /* BEMSimpleLineGraph */,
				315EC6BD1A8B3F96003D466D /* Main.storyboard */,
				315EC6B71A8B3F96003D466D /* Gifted_Kids_Parent.xcdatamodeld */,
				31669BCB1A92EEAA007C4925 /* Core Data */,
				31669BDD1A92F397007C4925 /* DateManager.h */,
				31669BDE1A92F397007C4925 /* DateManager.m */,
				3145D0EC1A94DCF000DD17AF /* ParentUser.h */,
				3145D0ED1A94DCF000DD17AF /* ParentUser.m */,
				315EC6B41A8B3F96003D466D /* AppDelegate.h */,
				315EC6B51A8B3F96003D466D /* AppDelegate.m */,
				319BF1CA1A8DC415007BAF77 /* ImageTextCell.h */,
				319BF1CB1A8DC415007BAF77 /* ImageTextCell.m */,
				319EFB501A904779008B7F2B /* FormFieldCell.h */,
				319EFB511A904779008B7F2B /* FormFieldCell.m */,
				319EFB601A904927008B7F2B /* LogInViewController.h */,
				319EFB611A904927008B7F2B /* LogInViewController.m */,
				319BF1EE1A8DEF81007BAF77 /* SidebarViewController.h */,
				319BF1EF1A8DEF81007BAF77 /* SidebarViewController.m */,
				315EC7041A8B4091003D466D /* HomeViewController.h */,
				315EC7051A8B4091003D466D /* HomeViewController.m */,
				319BF1EB1A8DEC6E007BAF77 /* NewsFeedController.h */,
				319BF1EC1A8DEC6E007BAF77 /* NewsFeedController.m */,
				4DDEEB331A8E442A00831652 /* ReportViewController.h */,
				4DDEEB341A8E442A00831652 /* ReportViewController.m */,
				315EC6C01A8B3F96003D466D /* Images.xcassets */,
				315EC6C21A8B3F96003D466D /* LaunchScreen.xib */,
				315EC6D91A8B3FCB003D466D /* Resources */,
				315EC6B01A8B3F96003D466D /* Supporting Files */,
			);
			path = "Gifted Kids Parent";
			sourceTree = "<group>";
		};
		315EC6B01A8B3F96003D466D /* Supporting Files */ = {
			isa = PBXGroup;
			children = (
				315EC6B11A8B3F96003D466D /* Info.plist */,
				315EC6B21A8B3F96003D466D /* main.m */,
			);
			name = "Supporting Files";
			sourceTree = "<group>";
		};
		315EC6CC1A8B3F96003D466D /* Gifted Kids ParentTests */ = {
			isa = PBXGroup;
			children = (
				315EC6CF1A8B3F96003D466D /* Gifted_Kids_ParentTests.m */,
				315EC6CD1A8B3F96003D466D /* Supporting Files */,
			);
			path = "Gifted Kids ParentTests";
			sourceTree = "<group>";
		};
		315EC6CD1A8B3F96003D466D /* Supporting Files */ = {
			isa = PBXGroup;
			children = (
				315EC6CE1A8B3F96003D466D /* Info.plist */,
			);
			name = "Supporting Files";
			sourceTree = "<group>";
		};
		315EC6D91A8B3FCB003D466D /* Resources */ = {
			isa = PBXGroup;
			children = (
				315EC6DA1A8B3FCB003D466D /* Achievement_55588.png */,
				315EC6DB1A8B3FCB003D466D /* Alarm_11222.png */,
				315EC6DC1A8B3FCB003D466D /* Alarm_small_11222.png */,
				315EC6DD1A8B3FCB003D466D /* Award_50955.png */,
				315EC6DE1A8B3FCB003D466D /* Banner_38446.png */,
				315EC6DF1A8B3FCB003D466D /* Close_40378.png */,
				315EC6E01A8B3FCB003D466D /* Coin_99355.png */,
				315EC6E11A8B3FCB003D466D /* Coin_small_99355.png */,
				315EC6E21A8B3FCB003D466D /* Contract_59244.png */,
				315EC6E31A8B3FCB003D466D /* Home_56766.png */,
				315EC6E41A8B3FCB003D466D /* List_11796.png */,
				319BF1E71A8DE7D6007BAF77 /* Menu.png */,
				319BF1E81A8DE7D6007BAF77 /* Menu@2x.png */,
				315EC6E51A8B3FCB003D466D /* Report_20789.png */,
				315EC6E61A8B3FCB003D466D /* Sentence_59929.png */,
				315EC6E71A8B3FCB003D466D /* Sentence_small_59929.png */,
				315EC6E81A8B3FCB003D466D /* Setting_45236.png */,
				315EC6E91A8B3FCB003D466D /* Thumb_Up_76060.png */,
				315EC6EA1A8B3FCB003D466D /* Thumb_Up_76060_1.png */,
				315EC6EB1A8B3FCB003D466D /* Two lines 2.png */,
				315EC6EC1A8B3FCB003D466D /* User_7078.png */,
				315EC6ED1A8B3FCB003D466D /* Word_62928.png */,
				315EC6EE1A8B3FCB003D466D /* Word_small_62928.png */,
			);
			path = Resources;
			sourceTree = "<group>";
		};
		316692621A9AC00A00099769 /* Bmob_SDK_iOS_v1.5.2 */ = {
			isa = PBXGroup;
			children = (
				316692631A9AC00A00099769 /* Bmob_iOS_SDK更新历史.txt */,
				316692641A9AC00A00099769 /* BmobSDK.framework */,
			);
			path = Bmob_SDK_iOS_v1.5.2;
			sourceTree = "<group>";
		};
		31669BCB1A92EEAA007C4925 /* Core Data */ = {
			isa = PBXGroup;
			children = (
				31669BBC1A92EE9F007C4925 /* Parent.h */,
				31669BBD1A92EE9F007C4925 /* Parent.m */,
				3160E2251A9424C30028D71E /* StudentInfo.h */,
				3160E2261A9424C30028D71E /* StudentInfo.m */,
				3156E8E71A9484B600281038 /* StudentInfo+Add.h */,
				3156E8E81A9484B600281038 /* StudentInfo+Add.m */,
				31669BC81A92EEA0007C4925 /* StudentStartedSession.h */,
				31669BC91A92EEA0007C4925 /* StudentStartedSession.m */,
				31669BBF1A92EE9F007C4925 /* StudentDidExercise.h */,
				31669BC01A92EE9F007C4925 /* StudentDidExercise.m */,
				31669BE01A92F73E007C4925 /* StudentLearnedWord.h */,
				31669BE11A92F73E007C4925 /* StudentLearnedWord.m */,
				31669BE31A931729007C4925 /* StudentLearnedWord+Add.h */,
				31669BE41A931729007C4925 /* StudentLearnedWord+Add.m */,
				3160E2221A9424C30028D71E /* StudentLearnedComponent.h */,
				3160E2231A9424C30028D71E /* StudentLearnedComponent.m */,
				3156E8E41A94829600281038 /* StudentLearnedComponent+Add.h */,
				3156E8E51A94829600281038 /* StudentLearnedComponent+Add.m */,
				31669BC21A92EE9F007C4925 /* Sentence.h */,
				31669BC31A92EE9F007C4925 /* Sentence.m */,
			);
			name = "Core Data";
			sourceTree = "<group>";
		};
		319BF1E31A8DE773007BAF77 /* SWRevealViewController */ = {
			isa = PBXGroup;
			children = (
				319BF1E41A8DE773007BAF77 /* SWRevealViewController.h */,
				319BF1E51A8DE773007BAF77 /* SWRevealViewController.m */,
			);
			path = SWRevealViewController;
			sourceTree = "<group>";
		};
		319EFB531A9047AC008B7F2B /* BEMSimpleLineGraph */ = {
			isa = PBXGroup;
			children = (
				319EFB541A9047AC008B7F2B /* BEMCircle.h */,
				319EFB551A9047AC008B7F2B /* BEMCircle.m */,
				319EFB561A9047AC008B7F2B /* BEMLine.h */,
				319EFB571A9047AC008B7F2B /* BEMLine.m */,
				319EFB581A9047AC008B7F2B /* BEMPermanentPopupView.h */,
				319EFB591A9047AC008B7F2B /* BEMPermanentPopupView.m */,
				319EFB5A1A9047AC008B7F2B /* BEMSimpleLineGraphView.h */,
				319EFB5B1A9047AC008B7F2B /* BEMSimpleLineGraphView.m */,
			);
			path = BEMSimpleLineGraph;
			sourceTree = "<group>";
		};
		319EFB801A90767D008B7F2B /* Framework */ = {
			isa = PBXGroup;
			children = (
				319EFB7E1A907669008B7F2B /* MediaPlayer.framework */,
				319EFB7C1A907663008B7F2B /* AVFoundation.framework */,
				319EFB7A1A90765C008B7F2B /* libsqlite3.dylib */,
				319EFB781A907650008B7F2B /* libicucore.dylib */,
				319EFB761A907648008B7F2B /* libz.1.2.5.dylib */,
				319EFB741A907640008B7F2B /* SystemConfiguration.framework */,
				319EFB721A90763A008B7F2B /* CoreTelephony.framework */,
				319EFB701A907633008B7F2B /* CFNetwork.framework */,
				319EFB6E1A90762E008B7F2B /* MobileCoreServices.framework */,
				319EFB6C1A907625008B7F2B /* CoreGraphics.framework */,
				319EFB6A1A90761E008B7F2B /* Security.framework */,
				319EFB681A907615008B7F2B /* CoreLocation.framework */,
			);
			name = Framework;
			sourceTree = "<group>";
		};
/* End PBXGroup section */

/* Begin PBXNativeTarget section */
		315EC6AC1A8B3F95003D466D /* Gifted Kids Parent */ = {
			isa = PBXNativeTarget;
			buildConfigurationList = 315EC6D31A8B3F96003D466D /* Build configuration list for PBXNativeTarget "Gifted Kids Parent" */;
			buildPhases = (
				315EC6A91A8B3F95003D466D /* Sources */,
				315EC6AA1A8B3F95003D466D /* Frameworks */,
				315EC6AB1A8B3F95003D466D /* Resources */,
				319BF1F11A8DF59F007BAF77 /* ShellScript */,
			);
			buildRules = (
			);
			dependencies = (
			);
			name = "Gifted Kids Parent";
			productName = "Gifted Kids Parent";
			productReference = 315EC6AD1A8B3F95003D466D /* Gifted Kids Parent.app */;
			productType = "com.apple.product-type.application";
		};
		315EC6C81A8B3F96003D466D /* Gifted Kids ParentTests */ = {
			isa = PBXNativeTarget;
			buildConfigurationList = 315EC6D61A8B3F96003D466D /* Build configuration list for PBXNativeTarget "Gifted Kids ParentTests" */;
			buildPhases = (
				315EC6C51A8B3F96003D466D /* Sources */,
				315EC6C61A8B3F96003D466D /* Frameworks */,
				315EC6C71A8B3F96003D466D /* Resources */,
			);
			buildRules = (
			);
			dependencies = (
				315EC6CB1A8B3F96003D466D /* PBXTargetDependency */,
			);
			name = "Gifted Kids ParentTests";
			productName = "Gifted Kids ParentTests";
			productReference = 315EC6C91A8B3F96003D466D /* Gifted Kids ParentTests.xctest */;
			productType = "com.apple.product-type.bundle.unit-test";
		};
/* End PBXNativeTarget section */

/* Begin PBXProject section */
		315EC6A51A8B3F95003D466D /* Project object */ = {
			isa = PBXProject;
			attributes = {
				LastUpgradeCheck = 0610;
				ORGANIZATIONNAME = "Yi Li";
				TargetAttributes = {
					315EC6AC1A8B3F95003D466D = {
						CreatedOnToolsVersion = 6.1.1;
					};
					315EC6C81A8B3F96003D466D = {
						CreatedOnToolsVersion = 6.1.1;
						TestTargetID = 315EC6AC1A8B3F95003D466D;
					};
				};
			};
			buildConfigurationList = 315EC6A81A8B3F95003D466D /* Build configuration list for PBXProject "Gifted Kids Parent" */;
			compatibilityVersion = "Xcode 3.2";
			developmentRegion = English;
			hasScannedForEncodings = 0;
			knownRegions = (
				en,
				Base,
			);
			mainGroup = 315EC6A41A8B3F95003D466D;
			productRefGroup = 315EC6AE1A8B3F95003D466D /* Products */;
			projectDirPath = "";
			projectRoot = "";
			targets = (
				315EC6AC1A8B3F95003D466D /* Gifted Kids Parent */,
				315EC6C81A8B3F96003D466D /* Gifted Kids ParentTests */,
			);
		};
/* End PBXProject section */

/* Begin PBXResourcesBuildPhase section */
		315EC6AB1A8B3F95003D466D /* Resources */ = {
			isa = PBXResourcesBuildPhase;
			buildActionMask = 2147483647;
			files = (
				315EC6FC1A8B3FCB003D466D /* Sentence_small_59929.png in Resources */,
				315EC6FF1A8B3FCB003D466D /* Thumb_Up_76060_1.png in Resources */,
				319BF1E91A8DE7D6007BAF77 /* Menu.png in Resources */,
				315EC6F41A8B3FCB003D466D /* Close_40378.png in Resources */,
				315EC7001A8B3FCB003D466D /* Two lines 2.png in Resources */,
				315EC6F21A8B3FCB003D466D /* Award_50955.png in Resources */,
				315EC6F61A8B3FCB003D466D /* Coin_small_99355.png in Resources */,
				315EC7021A8B3FCB003D466D /* Word_62928.png in Resources */,
				315EC7011A8B3FCB003D466D /* User_7078.png in Resources */,
				315EC6F31A8B3FCB003D466D /* Banner_38446.png in Resources */,
				315EC6F81A8B3FCB003D466D /* Home_56766.png in Resources */,
				315EC6FA1A8B3FCB003D466D /* Report_20789.png in Resources */,
				315EC6BF1A8B3F96003D466D /* Main.storyboard in Resources */,
				315EC6C41A8B3F96003D466D /* LaunchScreen.xib in Resources */,
				315EC6F71A8B3FCB003D466D /* Contract_59244.png in Resources */,
				315EC6F91A8B3FCB003D466D /* List_11796.png in Resources */,
				315EC6F01A8B3FCB003D466D /* Alarm_11222.png in Resources */,
				319BF1EA1A8DE7D6007BAF77 /* Menu@2x.png in Resources */,
				315EC6FE1A8B3FCB003D466D /* Thumb_Up_76060.png in Resources */,
				315EC6FB1A8B3FCB003D466D /* Sentence_59929.png in Resources */,
				315EC6FD1A8B3FCB003D466D /* Setting_45236.png in Resources */,
				315EC6F51A8B3FCB003D466D /* Coin_99355.png in Resources */,
				315EC6C11A8B3F96003D466D /* Images.xcassets in Resources */,
				315EC7031A8B3FCB003D466D /* Word_small_62928.png in Resources */,
				315EC6F11A8B3FCB003D466D /* Alarm_small_11222.png in Resources */,
				315EC6EF1A8B3FCB003D466D /* Achievement_55588.png in Resources */,
				316692651A9AC00A00099769 /* Bmob_iOS_SDK更新历史.txt in Resources */,
			);
			runOnlyForDeploymentPostprocessing = 0;
		};
		315EC6C71A8B3F96003D466D /* Resources */ = {
			isa = PBXResourcesBuildPhase;
			buildActionMask = 2147483647;
			files = (
			);
			runOnlyForDeploymentPostprocessing = 0;
		};
/* End PBXResourcesBuildPhase section */

/* Begin PBXShellScriptBuildPhase section */
		319BF1F11A8DF59F007BAF77 /* ShellScript */ = {
			isa = PBXShellScriptBuildPhase;
			buildActionMask = 2147483647;
			files = (
			);
			inputPaths = (
			);
			outputPaths = (
			);
			runOnlyForDeploymentPostprocessing = 0;
			shellPath = /bin/sh;
			shellScript = "#!/bin/bash\nbuildNumber=$(/usr/libexec/PlistBuddy -c \"Print CFBundleVersion\" \"$INFOPLIST_FILE\")\nbuildNumber=$(($buildNumber + 1))\n/usr/libexec/PlistBuddy -c \"Set :CFBundleVersion $buildNumber\" \"$INFOPLIST_FILE\"";
		};
/* End PBXShellScriptBuildPhase section */

/* Begin PBXSourcesBuildPhase section */
		315EC6A91A8B3F95003D466D /* Sources */ = {
			isa = PBXSourcesBuildPhase;
			buildActionMask = 2147483647;
			files = (
				319EFB5F1A9047AC008B7F2B /* BEMSimpleLineGraphView.m in Sources */,
				3145D0EE1A94DCF000DD17AF /* ParentUser.m in Sources */,
				315EC6B91A8B3F96003D466D /* Gifted_Kids_Parent.xcdatamodeld in Sources */,
				319EFB621A904927008B7F2B /* LogInViewController.m in Sources */,
				319EFB5E1A9047AC008B7F2B /* BEMPermanentPopupView.m in Sources */,
				315EC6B61A8B3F96003D466D /* AppDelegate.m in Sources */,
				319EFB521A904779008B7F2B /* FormFieldCell.m in Sources */,
				315EC6B31A8B3F96003D466D /* main.m in Sources */,
				319EFB5C1A9047AC008B7F2B /* BEMCircle.m in Sources */,
				319BF1F01A8DEF81007BAF77 /* SidebarViewController.m in Sources */,
				31669BDF1A92F397007C4925 /* DateManager.m in Sources */,
				319BF1CC1A8DC415007BAF77 /* ImageTextCell.m in Sources */,
				4DDEEB351A8E442A00831652 /* ReportViewController.m in Sources */,
				31669BCA1A92EEA0007C4925 /* StudentStartedSession.m in Sources */,
				319EFB5D1A9047AC008B7F2B /* BEMLine.m in Sources */,
				315EC7061A8B4091003D466D /* HomeViewController.m in Sources */,
				3160E2241A9424C30028D71E /* StudentLearnedComponent.m in Sources */,
				31669BBE1A92EE9F007C4925 /* Parent.m in Sources */,
				31669BC41A92EE9F007C4925 /* Sentence.m in Sources */,
				3156E8E61A94829600281038 /* StudentLearnedComponent+Add.m in Sources */,
				31669BC11A92EE9F007C4925 /* StudentDidExercise.m in Sources */,
				3160E2271A9424C30028D71E /* StudentInfo.m in Sources */,
				3156E8E91A9484B600281038 /* StudentInfo+Add.m in Sources */,
				319BF1ED1A8DEC6E007BAF77 /* NewsFeedController.m in Sources */,
				31669BE21A92F73E007C4925 /* StudentLearnedWord.m in Sources */,
				319BF1E61A8DE773007BAF77 /* SWRevealViewController.m in Sources */,
				31669BE51A931729007C4925 /* StudentLearnedWord+Add.m in Sources */,
			);
			runOnlyForDeploymentPostprocessing = 0;
		};
		315EC6C51A8B3F96003D466D /* Sources */ = {
			isa = PBXSourcesBuildPhase;
			buildActionMask = 2147483647;
			files = (
				315EC6D01A8B3F96003D466D /* Gifted_Kids_ParentTests.m in Sources */,
			);
			runOnlyForDeploymentPostprocessing = 0;
		};
/* End PBXSourcesBuildPhase section */

/* Begin PBXTargetDependency section */
		315EC6CB1A8B3F96003D466D /* PBXTargetDependency */ = {
			isa = PBXTargetDependency;
			target = 315EC6AC1A8B3F95003D466D /* Gifted Kids Parent */;
			targetProxy = 315EC6CA1A8B3F96003D466D /* PBXContainerItemProxy */;
		};
/* End PBXTargetDependency section */

/* Begin PBXVariantGroup section */
		315EC6BD1A8B3F96003D466D /* Main.storyboard */ = {
			isa = PBXVariantGroup;
			children = (
				315EC6BE1A8B3F96003D466D /* Base */,
			);
			name = Main.storyboard;
			sourceTree = "<group>";
		};
		315EC6C21A8B3F96003D466D /* LaunchScreen.xib */ = {
			isa = PBXVariantGroup;
			children = (
				315EC6C31A8B3F96003D466D /* Base */,
			);
			name = LaunchScreen.xib;
			sourceTree = "<group>";
		};
/* End PBXVariantGroup section */

/* Begin XCBuildConfiguration section */
		315EC6D11A8B3F96003D466D /* Debug */ = {
			isa = XCBuildConfiguration;
			buildSettings = {
				ALWAYS_SEARCH_USER_PATHS = NO;
				CLANG_CXX_LANGUAGE_STANDARD = "gnu++0x";
				CLANG_CXX_LIBRARY = "libc++";
				CLANG_ENABLE_MODULES = YES;
				CLANG_ENABLE_OBJC_ARC = YES;
				CLANG_WARN_BOOL_CONVERSION = YES;
				CLANG_WARN_CONSTANT_CONVERSION = YES;
				CLANG_WARN_DIRECT_OBJC_ISA_USAGE = YES_ERROR;
				CLANG_WARN_EMPTY_BODY = YES;
				CLANG_WARN_ENUM_CONVERSION = YES;
				CLANG_WARN_INT_CONVERSION = YES;
				CLANG_WARN_OBJC_ROOT_CLASS = YES_ERROR;
				CLANG_WARN_UNREACHABLE_CODE = YES;
				CLANG_WARN__DUPLICATE_METHOD_MATCH = YES;
				"CODE_SIGN_IDENTITY[sdk=iphoneos*]" = "iPhone Developer";
				COPY_PHASE_STRIP = NO;
				ENABLE_STRICT_OBJC_MSGSEND = YES;
				GCC_C_LANGUAGE_STANDARD = gnu99;
				GCC_DYNAMIC_NO_PIC = NO;
				GCC_OPTIMIZATION_LEVEL = 0;
				GCC_PREPROCESSOR_DEFINITIONS = (
					"DEBUG=1",
					"$(inherited)",
				);
				GCC_SYMBOLS_PRIVATE_EXTERN = NO;
				GCC_WARN_64_TO_32_BIT_CONVERSION = YES;
				GCC_WARN_ABOUT_RETURN_TYPE = YES_ERROR;
				GCC_WARN_UNDECLARED_SELECTOR = YES;
				GCC_WARN_UNINITIALIZED_AUTOS = YES_AGGRESSIVE;
				GCC_WARN_UNUSED_FUNCTION = YES;
				GCC_WARN_UNUSED_VARIABLE = YES;
				IPHONEOS_DEPLOYMENT_TARGET = 8.1;
				MTL_ENABLE_DEBUG_INFO = YES;
				ONLY_ACTIVE_ARCH = YES;
				SDKROOT = iphoneos;
			};
			name = Debug;
		};
		315EC6D21A8B3F96003D466D /* Release */ = {
			isa = XCBuildConfiguration;
			buildSettings = {
				ALWAYS_SEARCH_USER_PATHS = NO;
				CLANG_CXX_LANGUAGE_STANDARD = "gnu++0x";
				CLANG_CXX_LIBRARY = "libc++";
				CLANG_ENABLE_MODULES = YES;
				CLANG_ENABLE_OBJC_ARC = YES;
				CLANG_WARN_BOOL_CONVERSION = YES;
				CLANG_WARN_CONSTANT_CONVERSION = YES;
				CLANG_WARN_DIRECT_OBJC_ISA_USAGE = YES_ERROR;
				CLANG_WARN_EMPTY_BODY = YES;
				CLANG_WARN_ENUM_CONVERSION = YES;
				CLANG_WARN_INT_CONVERSION = YES;
				CLANG_WARN_OBJC_ROOT_CLASS = YES_ERROR;
				CLANG_WARN_UNREACHABLE_CODE = YES;
				CLANG_WARN__DUPLICATE_METHOD_MATCH = YES;
				"CODE_SIGN_IDENTITY[sdk=iphoneos*]" = "iPhone Developer";
				COPY_PHASE_STRIP = YES;
				ENABLE_NS_ASSERTIONS = NO;
				ENABLE_STRICT_OBJC_MSGSEND = YES;
				GCC_C_LANGUAGE_STANDARD = gnu99;
				GCC_WARN_64_TO_32_BIT_CONVERSION = YES;
				GCC_WARN_ABOUT_RETURN_TYPE = YES_ERROR;
				GCC_WARN_UNDECLARED_SELECTOR = YES;
				GCC_WARN_UNINITIALIZED_AUTOS = YES_AGGRESSIVE;
				GCC_WARN_UNUSED_FUNCTION = YES;
				GCC_WARN_UNUSED_VARIABLE = YES;
				IPHONEOS_DEPLOYMENT_TARGET = 8.1;
				MTL_ENABLE_DEBUG_INFO = NO;
				SDKROOT = iphoneos;
				VALIDATE_PRODUCT = YES;
			};
			name = Release;
		};
		315EC6D41A8B3F96003D466D /* Debug */ = {
			isa = XCBuildConfiguration;
			buildSettings = {
				ASSETCATALOG_COMPILER_APPICON_NAME = AppIcon;
				ASSETCATALOG_COMPILER_LAUNCHIMAGE_NAME = LaunchImage;
				FRAMEWORK_SEARCH_PATHS = (
					"$(inherited)",
					"$(PROJECT_DIR)/Gifted",
					Kids,
					Parent/Bmob_SDK_iOS_v1.5.2,
					"$(PROJECT_DIR)/Gifted",
					Kids,
					Parent/Bmob_SDK_iOS_v1.5.2,
					"$(PROJECT_DIR)/Gifted",
					Kids,
					Parent/Bmob_SDK_iOS_v1.5.2,
					"$(PROJECT_DIR)/Gifted",
					Kids,
					Parent,
					"$(PROJECT_DIR)/Gifted",
					Kids,
					Parent/Bmob_SDK_iOS_v1.5.2,
					"$(PROJECT_DIR)/Gifted",
					Kids,
					Parent/Bmob_SDK_iOS_v1.5.2,
					"$(PROJECT_DIR)/Gifted",
					Kids,
					Parent/Bmob_SDK_iOS_v1.5.2,
					"$(PROJECT_DIR)/Gifted",
					Kids,
					Parent/Bmob_SDK_iOS_v1.5.2,
					"$(PROJECT_DIR)/Gifted",
					Kids,
					Parent/Bmob_SDK_iOS_v1.5.2,
					"$(PROJECT_DIR)/Gifted",
					Kids,
					Parent/Bmob_SDK_iOS_v1.5.2,
					"$(PROJECT_DIR)/Gifted",
					Kids,
					Parent/Bmob_ios_feedback_demo/Feedback,
					"$(PROJECT_DIR)/Gifted",
					Kids,
					Parent/Bmob_ios_feedback_demo/ReadFeedback,
					"$(PROJECT_DIR)/Gifted",
					Kids,
					Parent/Bmob_SDK_iOS_v1.5.2,
					"$(PROJECT_DIR)/Gifted",
					Kids,
					Parent/Bmob_SDK_iOS_v1.5.2,
					"$(PROJECT_DIR)/Gifted",
					Kids,
					Parent/Bmob_SDK_iOS_v1.5.2,
					"$(PROJECT_DIR)/Gifted",
					Kids,
					Parent/Bmob_SDK_iOS_v1.5.2,
					"$(PROJECT_DIR)/Gifted",
					Kids,
					Parent/Bmob_SDK_iOS_v1.5.2,
					"$(PROJECT_DIR)/Gifted",
					Kids,
					Parent/Bmob_SDK_iOS_v1.5.2,
				);
				INFOPLIST_FILE = "Gifted Kids Parent/Info.plist";
				IPHONEOS_DEPLOYMENT_TARGET = 7.0;
				LD_RUNPATH_SEARCH_PATHS = "$(inherited) @executable_path/Frameworks";
				PRODUCT_NAME = "$(TARGET_NAME)";
			};
			name = Debug;
		};
		315EC6D51A8B3F96003D466D /* Release */ = {
			isa = XCBuildConfiguration;
			buildSettings = {
				ASSETCATALOG_COMPILER_APPICON_NAME = AppIcon;
				ASSETCATALOG_COMPILER_LAUNCHIMAGE_NAME = LaunchImage;
				FRAMEWORK_SEARCH_PATHS = (
					"$(inherited)",
					"$(PROJECT_DIR)/Gifted",
					Kids,
					Parent/Bmob_SDK_iOS_v1.5.2,
					"$(PROJECT_DIR)/Gifted",
					Kids,
					Parent/Bmob_SDK_iOS_v1.5.2,
					"$(PROJECT_DIR)/Gifted",
					Kids,
					Parent/Bmob_SDK_iOS_v1.5.2,
					"$(PROJECT_DIR)/Gifted",
					Kids,
					Parent,
					"$(PROJECT_DIR)/Gifted",
					Kids,
					Parent/Bmob_SDK_iOS_v1.5.2,
					"$(PROJECT_DIR)/Gifted",
					Kids,
					Parent/Bmob_SDK_iOS_v1.5.2,
					"$(PROJECT_DIR)/Gifted",
					Kids,
					Parent/Bmob_SDK_iOS_v1.5.2,
					"$(PROJECT_DIR)/Gifted",
					Kids,
					Parent/Bmob_SDK_iOS_v1.5.2,
					"$(PROJECT_DIR)/Gifted",
					Kids,
					Parent/Bmob_SDK_iOS_v1.5.2,
					"$(PROJECT_DIR)/Gifted",
					Kids,
					Parent/Bmob_SDK_iOS_v1.5.2,
					"$(PROJECT_DIR)/Gifted",
					Kids,
					Parent/Bmob_ios_feedback_demo/Feedback,
					"$(PROJECT_DIR)/Gifted",
					Kids,
					Parent/Bmob_ios_feedback_demo/ReadFeedback,
					"$(PROJECT_DIR)/Gifted",
					Kids,
					Parent/Bmob_SDK_iOS_v1.5.2,
					"$(PROJECT_DIR)/Gifted",
					Kids,
					Parent/Bmob_SDK_iOS_v1.5.2,
					"$(PROJECT_DIR)/Gifted",
					Kids,
					Parent/Bmob_SDK_iOS_v1.5.2,
					"$(PROJECT_DIR)/Gifted",
					Kids,
					Parent/Bmob_SDK_iOS_v1.5.2,
					"$(PROJECT_DIR)/Gifted",
					Kids,
					Parent/Bmob_SDK_iOS_v1.5.2,
					"$(PROJECT_DIR)/Gifted",
					Kids,
					Parent/Bmob_SDK_iOS_v1.5.2,
				);
				INFOPLIST_FILE = "Gifted Kids Parent/Info.plist";
				IPHONEOS_DEPLOYMENT_TARGET = 7.0;
				LD_RUNPATH_SEARCH_PATHS = "$(inherited) @executable_path/Frameworks";
				PRODUCT_NAME = "$(TARGET_NAME)";
			};
			name = Release;
		};
		315EC6D71A8B3F96003D466D /* Debug */ = {
			isa = XCBuildConfiguration;
			buildSettings = {
				BUNDLE_LOADER = "$(TEST_HOST)";
				FRAMEWORK_SEARCH_PATHS = (
					"$(SDKROOT)/Developer/Library/Frameworks",
					"$(inherited)",
				);
				GCC_PREPROCESSOR_DEFINITIONS = (
					"DEBUG=1",
					"$(inherited)",
				);
				INFOPLIST_FILE = "Gifted Kids ParentTests/Info.plist";
				IPHONEOS_DEPLOYMENT_TARGET = 7.1;
				LD_RUNPATH_SEARCH_PATHS = "$(inherited) @executable_path/Frameworks @loader_path/Frameworks";
				PRODUCT_NAME = "$(TARGET_NAME)";
				TEST_HOST = "$(BUILT_PRODUCTS_DIR)/Gifted Kids Parent.app/Gifted Kids Parent";
			};
			name = Debug;
		};
		315EC6D81A8B3F96003D466D /* Release */ = {
			isa = XCBuildConfiguration;
			buildSettings = {
				BUNDLE_LOADER = "$(TEST_HOST)";
				FRAMEWORK_SEARCH_PATHS = (
					"$(SDKROOT)/Developer/Library/Frameworks",
					"$(inherited)",
				);
				INFOPLIST_FILE = "Gifted Kids ParentTests/Info.plist";
				IPHONEOS_DEPLOYMENT_TARGET = 7.1;
				LD_RUNPATH_SEARCH_PATHS = "$(inherited) @executable_path/Frameworks @loader_path/Frameworks";
				PRODUCT_NAME = "$(TARGET_NAME)";
				TEST_HOST = "$(BUILT_PRODUCTS_DIR)/Gifted Kids Parent.app/Gifted Kids Parent";
			};
			name = Release;
		};
/* End XCBuildConfiguration section */

/* Begin XCConfigurationList section */
		315EC6A81A8B3F95003D466D /* Build configuration list for PBXProject "Gifted Kids Parent" */ = {
			isa = XCConfigurationList;
			buildConfigurations = (
				315EC6D11A8B3F96003D466D /* Debug */,
				315EC6D21A8B3F96003D466D /* Release */,
			);
			defaultConfigurationIsVisible = 0;
			defaultConfigurationName = Release;
		};
		315EC6D31A8B3F96003D466D /* Build configuration list for PBXNativeTarget "Gifted Kids Parent" */ = {
			isa = XCConfigurationList;
			buildConfigurations = (
				315EC6D41A8B3F96003D466D /* Debug */,
				315EC6D51A8B3F96003D466D /* Release */,
			);
			defaultConfigurationIsVisible = 0;
			defaultConfigurationName = Release;
		};
		315EC6D61A8B3F96003D466D /* Build configuration list for PBXNativeTarget "Gifted Kids ParentTests" */ = {
			isa = XCConfigurationList;
			buildConfigurations = (
				315EC6D71A8B3F96003D466D /* Debug */,
				315EC6D81A8B3F96003D466D /* Release */,
			);
			defaultConfigurationIsVisible = 0;
			defaultConfigurationName = Release;
		};
/* End XCConfigurationList section */

/* Begin XCVersionGroup section */
		315EC6B71A8B3F96003D466D /* Gifted_Kids_Parent.xcdatamodeld */ = {
			isa = XCVersionGroup;
			children = (
				315EC6B81A8B3F96003D466D /* Gifted_Kids_Parent.xcdatamodel */,
			);
			currentVersion = 315EC6B81A8B3F96003D466D /* Gifted_Kids_Parent.xcdatamodel */;
			path = Gifted_Kids_Parent.xcdatamodeld;
			sourceTree = "<group>";
			versionGroupType = wrapper.xcdatamodel;
		};
/* End XCVersionGroup section */
	};
	rootObject = 315EC6A51A8B3F95003D466D /* Project object */;
}
